{"SurveyEntry":{"SurveyID":"SV_1yUDCwQabvjZt6m","SurveyName":"Mental Accounting - BACKUP","SurveyDescription":null,"SurveyOwnerID":"UR_80KliWa4xnO85Dv","SurveyBrandID":"psicologiapd","DivisionID":"DV_4OTiWVGmBqwMedn","SurveyLanguage":"EN","SurveyActiveResponseSet":"RS_0kXP1RxBo6GWsOa","SurveyStatus":"Inactive","SurveyStartDate":"0000-00-00 00:00:00","SurveyExpirationDate":"0000-00-00 00:00:00","SurveyCreationDate":"2022-07-26 07:51:32","CreatorID":"UR_80KliWa4xnO85Dv","LastModified":"2026-06-02 09:56:22","LastAccessed":"0000-00-00 00:00:00","LastActivated":"2022-09-05 02:09:35","Deleted":null},"SurveyElements":[{"SurveyID":"SV_1yUDCwQabvjZt6m","Element":"BL","PrimaryAttribute":"Survey Blocks","SecondaryAttribute":null,"TertiaryAttribute":null,"Payload":[{"Type":"Default","Description":"Consent","ID":"BL_9tbSkB69N93IsOG","BlockElements":[{"Type":"Question","QuestionID":"QID1"}],"Options":{"BlockLocking":"false","RandomizeQuestions":"false","BlockVisibility":"Collapsed"}},{"Type":"Trash","Description":"Trash \/ Unused Questions","ID":"BL_3rbs8n0LrX1Mr1c","BlockElements":[]},{"Type":"Standard","SubType":"","Description":"MrAB1","ID":"BL_aXAOcIZu65gyRmK","BlockElements":[{"Type":"Question","QuestionID":"QID8"}],"Options":{"BlockLocking":"false","RandomizeQuestions":"false","BlockVisibility":"Expanded"}},{"Type":"Standard","SubType":"","Description":"Game1","ID":"BL_3Cc540ezyRYxrQa","BlockElements":[{"Type":"Question","QuestionID":"QID14"},{"Type":"Question","QuestionID":"QID15"}],"Options":{"BlockLocking":"false","RandomizeQuestions":"false","BlockVisibility":"Expanded"}},{"Type":"Standard","SubType":"","Description":"Drink1","ID":"BL_5A8jWxMfZw67OPs","BlockElements":[{"Type":"Question","QuestionID":"QID23"}],"Options":{"BlockLocking":"false","RandomizeQuestions":"false","BlockVisibility":"Expanded"}},{"Type":"Standard","SubType":"","Description":"Jacket1","ID":"BL_3yJePEKpuXyiuXQ","BlockElements":[{"Type":"Question","QuestionID":"QID34"}],"Options":{"BlockLocking":"false","RandomizeQuestions":"false","BlockVisibility":"Expanded"}},{"Type":"Standard","SubType":"","Description":"Play1","ID":"BL_77pUh84uKv75Enc","BlockElements":[{"Type":"Question","QuestionID":"QID40"}],"Options":{"BlockLocking":"false","RandomizeQuestions":"false","BlockVisibility":"Expanded"}},{"Type":"Standard","SubType":"","Description":"Gym1","ID":"BL_dcJkNScdgSPeiP4","BlockElements":[{"Type":"Question","QuestionID":"QID44"}],"Options":{"BlockLocking":"false","RandomizeQuestions":"false","BlockVisibility":"Expanded"}},{"Type":"Standard","SubType":"","Description":"Plane1","ID":"BL_8dMkbwtUUGElpOe","BlockElements":[{"Type":"Question","QuestionID":"QID48"}],"Options":{"BlockLocking":"false","RandomizeQuestions":"false","BlockVisibility":"Expanded"}},{"Type":"Standard","SubType":"","Description":"Attention check","ID":"BL_0fEAW4qZuHwVqsu","BlockElements":[{"Type":"Question","QuestionID":"QID51"}],"Options":{"BlockLocking":"false","RandomizeQuestions":"false","BlockVisibility":"Collapsed"}},{"Type":"Standard","SubType":"","Description":"Financial Literacy","ID":"BL_0kyU8A3g9T0pFoq","BlockElements":[{"Type":"Question","QuestionID":"QID117"},{"Type":"Page Break"},{"Type":"Question","QuestionID":"QID59"},{"Type":"Question","QuestionID":"QID60"},{"Type":"Question","QuestionID":"QID61"},{"Type":"Question","QuestionID":"QID62"}],"Options":{"BlockLocking":"false","RandomizeQuestions":"false","BlockVisibility":"Expanded"}},{"Type":"Standard","SubType":"","Description":"Demographics","ID":"BL_2tLNAae9H0usXZQ","BlockElements":[{"Type":"Question","QuestionID":"QID52"},{"Type":"Question","QuestionID":"QID53"},{"Type":"Question","QuestionID":"QID54"},{"Type":"Question","QuestionID":"QID55"},{"Type":"Question","QuestionID":"QID114"},{"Type":"Question","QuestionID":"QID57"}],"Options":{"BlockLocking":"false","RandomizeQuestions":"false","BlockVisibility":"Expanded"}},{"Type":"Standard","SubType":"","Description":"debriefing","ID":"BL_cuO2987t4mCTC0C","BlockElements":[{"Type":"Question","QuestionID":"QID63"}],"Options":{"BlockLocking":"false","RandomizeQuestions":"false","BlockVisibility":"Expanded"}},{"Type":"Standard","SubType":"","Description":"MrAB2","ID":"BL_2o6kIpn3Jc3B7w2","BlockElements":[{"Type":"Question","QuestionID":"QID12"}],"Options":{"BlockLocking":"false","RandomizeQuestions":"false","BlockVisibility":"Expanded"}},{"Type":"Standard","SubType":"","Description":"MrAB3","ID":"BL_8ADB3es6WP8x8ii","BlockElements":[{"Type":"Question","QuestionID":"QID10"}],"Options":{"BlockLocking":"false","RandomizeQuestions":"false","BlockVisibility":"Expanded"}},{"Type":"Standard","SubType":"","Description":"MrAB4","ID":"BL_0TKbh9QKgkpkgqG","BlockElements":[{"Type":"Question","QuestionID":"QID11"}],"Options":{"BlockLocking":"false","RandomizeQuestions":"false","BlockVisibility":"Expanded"}},{"Type":"Standard","SubType":"","Description":"Game2","ID":"BL_1UjyKZwca9m7XIa","BlockElements":[{"Type":"Question","QuestionID":"QID17"},{"Type":"Question","QuestionID":"QID18"}],"Options":{"BlockLocking":"false","RandomizeQuestions":"false","BlockVisibility":"Expanded"}},{"Type":"Standard","SubType":"","Description":"Game3","ID":"BL_234DYnT5rrBE6JU","BlockElements":[{"Type":"Question","QuestionID":"QID20"},{"Type":"Question","QuestionID":"QID21"}],"Options":{"BlockLocking":"false","RandomizeQuestions":"false","BlockVisibility":"Expanded"}},{"Type":"Standard","SubType":"","Description":"Drink2","ID":"BL_abIPmSBgcYguppA","BlockElements":[{"Type":"Question","QuestionID":"QID70"}],"Options":{"BlockLocking":false,"RandomizeQuestions":"false","BlockVisibility":"Expanded"}},{"Type":"Standard","SubType":"","Description":"Jacket2","ID":"BL_b89gOXwAFkkaxVA","BlockElements":[{"Type":"Question","QuestionID":"QID74"}],"Options":{"BlockLocking":false,"RandomizeQuestions":"false","BlockVisibility":"Expanded"}},{"Type":"Standard","SubType":"","Description":"Play2","ID":"BL_0ON4fwGIYc5MJO6","BlockElements":[{"Type":"Question","QuestionID":"QID78"}],"Options":{"BlockLocking":false,"RandomizeQuestions":"false","BlockVisibility":"Expanded"}},{"Type":"Standard","SubType":"","Description":"Gym2","ID":"BL_b9tO9aSFZ88dHvw","BlockElements":[{"Type":"Question","QuestionID":"QID82"}],"Options":{"BlockLocking":false,"RandomizeQuestions":"false","BlockVisibility":"Expanded"}},{"Type":"Standard","SubType":"","Description":"Plane2","ID":"BL_bD8WeBDWE9F2Wwu","BlockElements":[{"Type":"Question","QuestionID":"QID86"}],"Options":{"BlockLocking":false,"RandomizeQuestions":"false","BlockVisibility":"Expanded"}},{"Type":"Standard","SubType":"","Description":"Instruction","ID":"BL_cNHPmfSSYWGZMZE","BlockElements":[{"Type":"Question","QuestionID":"QID87"}],"Options":{"BlockLocking":"false","RandomizeQuestions":"false","BlockVisibility":"Collapsed"}},{"Type":"Standard","SubType":"","Description":"Captcha_verification","ID":"BL_da0L9KXimCPJi9E","BlockElements":[{"Type":"Question","QuestionID":"QID120"}],"Options":{"BlockLocking":"false","RandomizeQuestions":"false","BlockVisibility":"Collapsed"}}]},{"SurveyID":"SV_1yUDCwQabvjZt6m","Element":"FL","PrimaryAttribute":"Survey Flow","SecondaryAttribute":null,"TertiaryAttribute":null,"Payload":{"Type":"Root","FlowID":"FL_1","Flow":[{"Type":"Block","ID":"BL_9tbSkB69N93IsOG","FlowID":"FL_2","Autofill":[]},{"Type":"Branch","FlowID":"FL_3","Description":"New Branch","BranchLogic":{"0":{"0":{"LogicType":"Question","QuestionID":"QID1","QuestionIsInLoop":"no","ChoiceLocator":"q:\/\/QID1\/SelectableChoice\/2","Operator":"Selected","QuestionIDFromLocator":"QID1","LeftOperand":"q:\/\/QID1\/SelectableChoice\/2","Type":"Expression","Description":"<span class=\"ConjDesc\">If<\/span> <span class=\"QuestionDesc\">Dear Participant, We invite you to take part in an online study with the purpose of investigating...<\/span> <span class=\"LeftOpDesc\">I do NOT agree to participate in the research<\/span> <span class=\"OpDesc\">Is Selected<\/span> "},"Type":"If"},"Type":"BooleanExpression"},"Flow":[{"Type":"EndSurvey","FlowID":"FL_38","EndingType":"Advanced","Options":{"Advanced":"true"}}]},{"Type":"Standard","ID":"BL_da0L9KXimCPJi9E","FlowID":"FL_43","Autofill":[]},{"Type":"Standard","ID":"BL_cNHPmfSSYWGZMZE","FlowID":"FL_4","Autofill":[]},{"Type":"BlockRandomizer","FlowID":"FL_5","SubSet":4,"Flow":[{"Type":"Group","FlowID":"FL_14","Description":"Untitled Group","Flow":[{"Type":"Standard","ID":"BL_aXAOcIZu65gyRmK","FlowID":"FL_30","Autofill":[]},{"Type":"Standard","ID":"BL_3Cc540ezyRYxrQa","FlowID":"FL_31","Autofill":[]},{"Type":"Standard","ID":"BL_5A8jWxMfZw67OPs","FlowID":"FL_32","Autofill":[]},{"Type":"Standard","ID":"BL_dcJkNScdgSPeiP4","FlowID":"FL_33","Autofill":[]},{"Type":"Standard","ID":"BL_3yJePEKpuXyiuXQ","FlowID":"FL_34","Autofill":[]}]},{"Type":"Group","FlowID":"FL_15","Description":"Untitled Group","Flow":[{"Type":"Standard","ID":"BL_1UjyKZwca9m7XIa","FlowID":"FL_26","Autofill":[]},{"Type":"Standard","ID":"BL_2o6kIpn3Jc3B7w2","FlowID":"FL_27","Autofill":[]},{"Type":"Standard","ID":"BL_0ON4fwGIYc5MJO6","FlowID":"FL_28","Autofill":[]},{"Type":"Standard","ID":"BL_bD8WeBDWE9F2Wwu","FlowID":"FL_29","Autofill":[]}]},{"Type":"Group","FlowID":"FL_16","Description":"Untitled Group","Flow":[{"Type":"Standard","ID":"BL_8ADB3es6WP8x8ii","FlowID":"FL_21","Autofill":[]},{"Type":"Standard","ID":"BL_234DYnT5rrBE6JU","FlowID":"FL_22","Autofill":[]},{"Type":"Standard","ID":"BL_b89gOXwAFkkaxVA","FlowID":"FL_23","Autofill":[]},{"Type":"Standard","ID":"BL_b9tO9aSFZ88dHvw","FlowID":"FL_24","Autofill":[]}]},{"Type":"Group","FlowID":"FL_17","Description":"Untitled Group","Flow":[{"Type":"Standard","ID":"BL_0TKbh9QKgkpkgqG","FlowID":"FL_18","Autofill":[]},{"Type":"Standard","ID":"BL_77pUh84uKv75Enc","FlowID":"FL_19","Autofill":[]},{"Type":"Standard","ID":"BL_8dMkbwtUUGElpOe","FlowID":"FL_20","Autofill":[]},{"Type":"Standard","ID":"BL_abIPmSBgcYguppA","FlowID":"FL_25","Autofill":[]}]}]},{"Type":"Standard","ID":"BL_0kyU8A3g9T0pFoq","FlowID":"FL_6","Autofill":[]},{"Type":"Standard","ID":"BL_0fEAW4qZuHwVqsu","FlowID":"FL_7","Autofill":[]},{"Type":"Standard","ID":"BL_2tLNAae9H0usXZQ","FlowID":"FL_8","Autofill":[]},{"Type":"Standard","ID":"BL_cuO2987t4mCTC0C","FlowID":"FL_9","Autofill":[]},{"Type":"EndSurvey","FlowID":"FL_40","EndingType":"Advanced","Options":{"Advanced":"true"}}],"Properties":{"Count":43,"RemovedFieldsets":[]}}},{"SurveyID":"SV_1yUDCwQabvjZt6m","Element":"NT","PrimaryAttribute":"NT_3CdgKYPJWRZBg7I","SecondaryAttribute":null,"TertiaryAttribute":null,"Payload":{"Notes":[{"Message":"use \"owner\" instead of bartender?","ID":"NO_domv4kQdzZCW6AC","UserID":"UR_80KliWa4xnO85Dv","Timestamp":1649160937,"Removed":true}],"UserStatuses":{"UR_80KliWa4xnO85Dv":"Expanded"},"ParentID":"QID69","ID":"NT_3CdgKYPJWRZBg7I"}},{"SurveyID":"SV_1yUDCwQabvjZt6m","Element":"NT","PrimaryAttribute":"NT_7a2AodLZfwVLs9M","SecondaryAttribute":null,"TertiaryAttribute":null,"Payload":{"Notes":[{"Message":"\"Which sentence best captures your feelings about the cost of the missed workout?\"","ID":"NO_6A8TDoyzEK6994O","UserID":"UR_80KliWa4xnO85Dv","Timestamp":1649161023,"Removed":true}],"UserStatuses":{"UR_80KliWa4xnO85Dv":"Expanded"},"ParentID":"QID44","ID":"NT_7a2AodLZfwVLs9M"}},{"SurveyID":"SV_1yUDCwQabvjZt6m","Element":"PL","PrimaryAttribute":"Preview Link","SecondaryAttribute":null,"TertiaryAttribute":null,"Payload":{"PreviewType":"Brand","PreviewID":"7582d014-5b76-4084-8007-23c52f27a1ec"}},{"SurveyID":"SV_1yUDCwQabvjZt6m","Element":"PROJ","PrimaryAttribute":"CORE","SecondaryAttribute":null,"TertiaryAttribute":"1.1.0","Payload":{"ProjectCategory":"CORE","SchemaVersion":"1.1.0"}},{"SurveyID":"SV_1yUDCwQabvjZt6m","Element":"QC","PrimaryAttribute":"Survey Question Count","SecondaryAttribute":"120","TertiaryAttribute":null,"Payload":null},{"SurveyID":"SV_1yUDCwQabvjZt6m","Element":"RS","PrimaryAttribute":"RS_0kXP1RxBo6GWsOa","SecondaryAttribute":null,"TertiaryAttribute":null,"Payload":null},{"SurveyID":"SV_1yUDCwQabvjZt6m","Element":"SCO","PrimaryAttribute":"Scoring","SecondaryAttribute":null,"TertiaryAttribute":null,"Payload":{"ScoringCategories":[],"ScoringCategoryGroups":[],"ScoringSummaryCategory":null,"ScoringSummaryAfterQuestions":0,"ScoringSummaryAfterSurvey":0,"DefaultScoringCategory":null,"AutoScoringCategory":null}},{"SurveyID":"SV_1yUDCwQabvjZt6m","Element":"SO","PrimaryAttribute":"Survey Options","SecondaryAttribute":null,"TertiaryAttribute":null,"Payload":{"BackButton":"false","SaveAndContinue":"true","SurveyProtection":"PublicSurvey","BallotBoxStuffingPrevention":"false","NoIndex":"Yes","SecureResponseFiles":"true","SurveyExpiration":"None","SurveyTermination":"DefaultMessage","Header":"","Footer":"","ProgressBarDisplay":"None","PartialData":"+1 week","ValidationMessage":null,"PreviousButton":"","NextButton":"","SurveyTitle":"Qualtrics Survey | Qualtrics Experience Management","SkinLibrary":"psicologiapd","SkinType":"templated","Skin":{"brandingId":null,"templateId":"*2014","overrides":{"logo":{"url":"https:\/\/psicologiapd.fra1.qualtrics.com\/CP\/Graphic.php?IM=IM_0D1UROgBJJVw9kV"},"colors":{"primary":"#b11613"}}},"NewScoring":1,"EOSMessage":null,"ShowExportTags":"false","CollectGeoLocation":"false","SurveyMetaDescription":"The most powerful, simple and trusted way to gather experience data. Start your journey to experience management and try a free account today.","PasswordProtection":"No","AnonymizeResponse":"Yes","RefererCheck":"No","BallotBoxStuffingPreventionBehavior":null,"BallotBoxStuffingPreventionMessage":null,"BallotBoxStuffingPreventionMessageLibrary":null,"BallotBoxStuffingPreventionURL":null,"RecaptchaV3":"true","ConfirmStart":false,"AutoConfirmStart":false,"UseCustomSurveyLinkCompletedMessage":null,"SurveyLinkCompletedMessage":null,"SurveyLinkCompletedMessageLibrary":null,"ResponseSummary":"No","EOSMessageLibrary":null,"EOSRedirectURL":"https:\/\/app.prolific.co\/submissions\/complete?cc=62226F4F","EmailThankYou":"false","ThankYouEmailMessageLibrary":null,"ThankYouEmailMessage":null,"ValidateMessage":"false","ValidationMessageLibrary":null,"InactiveSurvey":"DefaultMessage","PartialDeletion":null,"PartialDataCloseAfter":"LastActivity","InactiveMessageLibrary":null,"InactiveMessage":null,"AvailableLanguages":{"EN":[]},"ProtectSelectionIds":true,"SurveyCreationDate":"2022-06-30 10:23:59","CustomLanguages":[]}},{"SurveyID":"SV_1yUDCwQabvjZt6m","Element":"SQ","PrimaryAttribute":"QID1","SecondaryAttribute":"Dear Participant, We invite you to take part in an online study with the purpose of investigating...","TertiaryAttribute":null,"Payload":{"QuestionText":"Dear Participant,<br \/>\n<br \/>\nWe invite you to take part in an online study with the purpose of investigating how people make decisions. The duration of the questionnaire is approximately 10 minutes. At the end of the questionnaire, you will be asked some personal demographic information.<br \/>\n<br \/>\nYour data will be analyzed anonymously and processed according to the current international legislation for the protection of privacy (D. Lgs 196\/2003 and EU GDPR 679\/2016 on the protection of personal data and art. 9 of the Deontological Code of Italian Psychologists). Your data will be used solely for the purposes of the research itself. No information regarding you personally will be published or revealed in any way.<br \/>\n<br \/>\nYou are free to withdraw from the study at any point without giving any explanation. In this case your data will be deleted. You will not receive any payment or reimbursement of any sort for your participation in this study. There are no known risks associated with participating in this study.<br \/>\n<br \/>\nProject Manager: Enrico Rubaltelli (Department of Development Psychology and Socialization -DPSS, University of Padua). The person responsible for this research agrees to comply with the obligations of current legislation in terms of collection, processing and storage of sensitive data.<br \/>\n<br \/>\nI DECLARE THAT<br \/>\n&bull; I am 18 years old or older<br \/>\n&bull; I take part in this project voluntarily<br \/>\n&bull; I am aware of the objectives and aims of this research project<br \/>\n&bull; I am aware that the data obtained, in absolute anonymity, will be treated exclusively for educational and research purposes<br \/>\n&bull; I am aware that it is not possible to withdraw the data I have provided once it has been submitted.<br \/>\n<br \/>\nFor any clarification you can contact Prof. Enrico Rubaltelli at jdmlab.multicountry@gmail.com.","DefaultChoices":false,"DataExportTag":"Consent","QuestionID":"QID1","QuestionType":"MC","Selector":"SAVR","SubSelector":"TX","DataVisibility":{"Private":false,"Hidden":false},"Configuration":{"QuestionDescriptionOption":"UseText"},"QuestionDescription":"Dear Participant, We invite you to take part in an online study with the purpose of investigating...","Choices":{"1":{"Display":"I agree to participate in the research"},"2":{"Display":"I do NOT agree to participate in the research"}},"ChoiceOrder":[1,2],"Validation":{"Settings":{"ForceResponse":"ON","ForceResponseType":"ON","Type":"None"}},"GradingData":[],"Language":[],"NextChoiceId":3,"NextAnswerId":1,"QuestionText_Unsafe":"Dear Participant,<br \/>\n<br \/>\nWe invite you to take part in an online study with the purpose of investigating how people make decisions. The duration of the questionnaire is approximately 10 minutes. At the end of the questionnaire, you will be asked some personal demographic information.<br \/>\n<br \/>\nYour data will be analyzed anonymously and processed according to the current international legislation for the protection of privacy (D. Lgs 196\/2003 and EU GDPR 679\/2016 on the protection of personal data and art. 9 of the Deontological Code of Italian Psychologists). Your data will be used solely for the purposes of the research itself. No information regarding you personally will be published or revealed in any way.<br \/>\n<br \/>\nYou are free to withdraw from the study at any point without giving any explanation. In this case your data will be deleted. You will not receive any payment or reimbursement of any sort for your participation in this study. There are no known risks associated with participating in this study.<br \/>\n<br \/>\nProject Manager: Enrico Rubaltelli (Department of Development Psychology and Socialization -DPSS, University of Padua). The person responsible for this research agrees to comply with the obligations of current legislation in terms of collection, processing and storage of sensitive data.<br \/>\n<br \/>\nI DECLARE THAT<br \/>\n&bull; I am 18 years old or older<br \/>\n&bull; I take part in this project voluntarily<br \/>\n&bull; I am aware of the objectives and aims of this research project<br \/>\n&bull; I am aware that the data obtained, in absolute anonymity, will be treated exclusively for educational and research purposes<br \/>\n&bull; I am aware that it is not possible to withdraw the data I have provided once it has been submitted.<br \/>\n<br \/>\nFor any clarification you can contact Prof. Enrico Rubaltelli at jdmlab.multicountry@gmail.com."}},{"SurveyID":"SV_1yUDCwQabvjZt6m","Element":"SQ","PrimaryAttribute":"QID10","SecondaryAttribute":"\u00a0 Person A bought a lottery ticket and won $100. Also, they damaged one door in their apartment i..","TertiaryAttribute":null,"Payload":{"QuestionText":"<div>&nbsp;<\/div>\n\n<div>Person A bought a lottery ticket and won <strong>$100<\/strong>. Also, they damaged one door in their apartment in an accident and had to pay the landlord <strong>$80<\/strong>. &nbsp;<\/div>\n\n<div>&nbsp;<\/div>\n\n<div>Person B bought a lottery ticket and won <strong>$20<\/strong>. &nbsp;<\/div>\n\n<div>&nbsp;<\/div>\n\n<div>Who is happier?<\/div>","DataExportTag":"MrAB3","QuestionType":"MC","Selector":"SAVR","SubSelector":"TX","Configuration":{"QuestionDescriptionOption":"UseText"},"QuestionDescription":"\u00a0 Person A bought a lottery ticket and won $100. Also, they damaged one door in their apartment i...","Choices":{"1":{"Display":"A","InputHeight":29,"InputWidth":60},"2":{"Display":"B"},"3":{"Display":"No difference"}},"ChoiceOrder":[1,2,3],"Validation":{"Settings":{"ForceResponse":"ON","ForceResponseType":"ON","Type":"None"}},"Language":[],"NextChoiceId":4,"NextAnswerId":1,"QuestionID":"QID10","DataVisibility":{"Private":false,"Hidden":false},"QuestionText_Unsafe":"<div>&nbsp;<\/div>\n\n<div>Person A bought a lottery ticket and won <strong>$100<\/strong>. Also, they damaged one door in their apartment in an accident and had to pay the landlord <strong>$80<\/strong>. &nbsp;<\/div>\n\n<div>&nbsp;<\/div>\n\n<div>Person B bought a lottery ticket and won <strong>$20<\/strong>. &nbsp;<\/div>\n\n<div>&nbsp;<\/div>\n\n<div>Who is happier?<\/div>"}},{"SurveyID":"SV_1yUDCwQabvjZt6m","Element":"SQ","PrimaryAttribute":"QID11","SecondaryAttribute":"Person A damaged their car in a parking lot. They had to spend $200 to repair the damage. The sam...","TertiaryAttribute":null,"Payload":{"QuestionText":"<div>Person A damaged their car in a parking lot. They had to spend <strong>$200<\/strong> to repair the damage. The same day they damaged the car they won <strong>$25<\/strong> in a raffle. &nbsp;<\/div>\n\n<div>&nbsp;<\/div>\n\n<div>Person B damaged their car in a parking lot. They had to spend <strong>$175 <\/strong>to repair the damage. &nbsp;<\/div>\n\n<div>&nbsp;<\/div>\n\n<div>Who is more upset?\n<div>&nbsp;<\/div>\n<\/div>","DataExportTag":"MrAB4 ","QuestionType":"MC","Selector":"SAVR","SubSelector":"TX","DataVisibility":{"Private":false,"Hidden":false},"Configuration":{"QuestionDescriptionOption":"UseText"},"QuestionDescription":"Person A damaged their car in a parking lot. They had to spend $200 to repair the damage. The sam...","Choices":{"1":{"Display":"A"},"2":{"Display":"B"},"3":{"Display":"No difference"}},"ChoiceOrder":[1,2,3],"Validation":{"Settings":{"ForceResponse":"ON","ForceResponseType":"ON","Type":"None"}},"Language":[],"NextChoiceId":4,"NextAnswerId":1,"QuestionID":"QID11","QuestionText_Unsafe":"<div>Person A damaged their car in a parking lot. They had to spend <strong>$200<\/strong> to repair the damage. The same day they damaged the car they won <strong>$25<\/strong> in a raffle. &nbsp;<\/div>\n\n<div>&nbsp;<\/div>\n\n<div>Person B damaged their car in a parking lot. They had to spend <strong>$175 <\/strong>to repair the damage. &nbsp;<\/div>\n\n<div>&nbsp;<\/div>\n\n<div>Who is more upset?\n<div>&nbsp;<\/div>\n<\/div>"}},{"SurveyID":"SV_1yUDCwQabvjZt6m","Element":"SQ","PrimaryAttribute":"QID114","SecondaryAttribute":"List of Countries","TertiaryAttribute":null,"Payload":{"QuestionText":"Which country do you currently live in?","QuestionType":"MC","Selector":"DL","Configuration":{"QuestionDescriptionOption":"SpecifyLabel","NumColumns":2,"LabelPosition":"BELOW"},"QuestionDescription":"List of Countries","Choices":{"1":{"Display":"Afghanistan"},"2":{"Display":"Albania"},"3":{"Display":"Algeria"},"4":{"Display":"Andorra"},"5":{"Display":"Angola"},"6":{"Display":"Antigua and Barbuda"},"7":{"Display":"Argentina"},"8":{"Display":"Armenia"},"9":{"Display":"Australia"},"10":{"Display":"Austria"},"11":{"Display":"Azerbaijan"},"12":{"Display":"Bahamas"},"13":{"Display":"Bahrain"},"14":{"Display":"Bangladesh"},"15":{"Display":"Barbados"},"16":{"Display":"Belarus"},"17":{"Display":"Belgium"},"18":{"Display":"Belize"},"19":{"Display":"Benin"},"20":{"Display":"Bhutan"},"21":{"Display":"Bolivia"},"22":{"Display":"Bosnia and Herzegovina"},"23":{"Display":"Botswana"},"24":{"Display":"Brazil"},"25":{"Display":"Brunei Darussalam"},"26":{"Display":"Bulgaria"},"27":{"Display":"Burkina Faso"},"28":{"Display":"Burundi"},"29":{"Display":"Cambodia"},"30":{"Display":"Cameroon"},"31":{"Display":"Canada"},"32":{"Display":"Cape Verde"},"33":{"Display":"Central African Republic"},"34":{"Display":"Chad"},"35":{"Display":"Chile"},"36":{"Display":"China"},"37":{"Display":"Colombia"},"38":{"Display":"Comoros"},"39":{"Display":"Congo, Republic of the..."},"40":{"Display":"Costa Rica"},"41":{"Display":"C\u00f4te d'Ivoire"},"42":{"Display":"Croatia"},"43":{"Display":"Cuba"},"44":{"Display":"Cyprus"},"45":{"Display":"Czech Republic"},"47":{"Display":"Democratic Republic of the Congo"},"48":{"Display":"Denmark"},"49":{"Display":"Djibouti"},"50":{"Display":"Dominica"},"51":{"Display":"Dominican Republic"},"52":{"Display":"Ecuador"},"53":{"Display":"Egypt"},"54":{"Display":"El Salvador"},"55":{"Display":"Equatorial Guinea"},"56":{"Display":"Eritrea"},"57":{"Display":"Estonia"},"58":{"Display":"Ethiopia"},"59":{"Display":"Fiji"},"60":{"Display":"Finland"},"61":{"Display":"France"},"62":{"Display":"Gabon"},"63":{"Display":"Gambia"},"64":{"Display":"Georgia"},"65":{"Display":"Germany"},"66":{"Display":"Ghana"},"67":{"Display":"Greece"},"68":{"Display":"Grenada"},"69":{"Display":"Guatemala"},"70":{"Display":"Guinea"},"71":{"Display":"Guinea-Bissau"},"72":{"Display":"Guyana"},"73":{"Display":"Haiti"},"74":{"Display":"Honduras"},"75":{"Display":"Hong Kong (S.A.R.)"},"76":{"Display":"Hungary"},"77":{"Display":"Iceland"},"78":{"Display":"India"},"79":{"Display":"Indonesia"},"80":{"Display":"Iran"},"81":{"Display":"Iraq"},"82":{"Display":"Ireland"},"83":{"Display":"Israel"},"84":{"Display":"Italy"},"85":{"Display":"Jamaica"},"86":{"Display":"Japan"},"87":{"Display":"Jordan"},"88":{"Display":"Kazakhstan"},"89":{"Display":"Kenya"},"90":{"Display":"Kiribati"},"91":{"Display":"Kuwait"},"92":{"Display":"Kyrgyzstan"},"93":{"Display":"Lao People's Democratic Republic"},"94":{"Display":"Latvia"},"95":{"Display":"Lebanon"},"96":{"Display":"Lesotho"},"97":{"Display":"Liberia"},"98":{"Display":"Libyan Arab Jamahiriya"},"99":{"Display":"Liechtenstein"},"100":{"Display":"Lithuania"},"101":{"Display":"Luxembourg"},"102":{"Display":"Madagascar"},"103":{"Display":"Malawi"},"104":{"Display":"Malaysia"},"105":{"Display":"Maldives"},"106":{"Display":"Mali"},"107":{"Display":"Malta"},"108":{"Display":"Marshall Islands"},"109":{"Display":"Mauritania"},"110":{"Display":"Mauritius"},"111":{"Display":"Mexico"},"112":{"Display":"Micronesia, Federated States of..."},"113":{"Display":"Monaco"},"114":{"Display":"Mongolia"},"115":{"Display":"Montenegro"},"116":{"Display":"Morocco"},"117":{"Display":"Mozambique"},"118":{"Display":"Myanmar"},"119":{"Display":"Namibia"},"120":{"Display":"Nauru"},"121":{"Display":"Nepal"},"122":{"Display":"Netherlands"},"123":{"Display":"New Zealand"},"124":{"Display":"Nicaragua"},"125":{"Display":"Niger"},"126":{"Display":"Nigeria"},"127":{"Display":"North Korea"},"128":{"Display":"Norway"},"129":{"Display":"Oman"},"130":{"Display":"Pakistan"},"131":{"Display":"Palau"},"132":{"Display":"Panama"},"133":{"Display":"Papua New Guinea"},"134":{"Display":"Paraguay"},"135":{"Display":"Peru"},"136":{"Display":"Philippines"},"137":{"Display":"Poland"},"138":{"Display":"Portugal"},"139":{"Display":"Qatar"},"141":{"Display":"Republic of Moldova"},"142":{"Display":"Romania"},"143":{"Display":"Russian Federation"},"144":{"Display":"Rwanda"},"145":{"Display":"Saint Kitts and Nevis"},"146":{"Display":"Saint Lucia"},"147":{"Display":"Saint Vincent and the Grenadines"},"148":{"Display":"Samoa"},"149":{"Display":"San Marino"},"150":{"Display":"Sao Tome and Principe"},"151":{"Display":"Saudi Arabia"},"152":{"Display":"Senegal"},"153":{"Display":"Serbia"},"154":{"Display":"Seychelles"},"155":{"Display":"Sierra Leone"},"156":{"Display":"Singapore"},"157":{"Display":"Slovakia"},"158":{"Display":"Slovenia"},"159":{"Display":"Solomon Islands"},"160":{"Display":"Somalia"},"161":{"Display":"South Africa"},"162":{"Display":"South Korea"},"163":{"Display":"Spain"},"164":{"Display":"Sri Lanka"},"165":{"Display":"Sudan"},"166":{"Display":"Suriname"},"167":{"Display":"Swaziland"},"168":{"Display":"Sweden"},"169":{"Display":"Switzerland"},"170":{"Display":"Syrian Arab Republic"},"171":{"Display":"Tajikistan"},"172":{"Display":"Thailand"},"173":{"Display":"The former Yugoslav Republic of Macedonia"},"174":{"Display":"Timor-Leste"},"175":{"Display":"Togo"},"176":{"Display":"Tonga"},"177":{"Display":"Trinidad and Tobago"},"178":{"Display":"Tunisia"},"179":{"Display":"Turkey"},"180":{"Display":"Turkmenistan"},"181":{"Display":"Tuvalu"},"182":{"Display":"Uganda"},"183":{"Display":"Ukraine"},"184":{"Display":"United Arab Emirates"},"185":{"Display":"United Kingdom of Great Britain and Northern Ireland"},"186":{"Display":"United Republic of Tanzania"},"187":{"Display":"United States of America"},"188":{"Display":"Uruguay"},"189":{"Display":"Uzbekistan"},"190":{"Display":"Vanuatu"},"191":{"Display":"Venezuela, Bolivarian Republic of..."},"192":{"Display":"Viet Nam"},"193":{"Display":"Yemen"},"194":{"Display":"Zambia"},"195":{"Display":"Zimbabwe"}},"ChoiceOrder":[1,2,3,4,5,6,7,8,9,10,11,12,13,14,15,16,17,18,19,20,21,22,23,24,25,26,27,28,29,30,31,32,33,34,35,36,37,38,39,40,41,42,43,44,45,47,48,49,50,51,52,53,54,55,56,57,58,59,60,61,62,63,64,65,66,67,68,69,70,71,72,73,74,75,76,77,78,79,80,81,82,83,84,85,86,87,88,89,90,91,92,93,94,95,96,97,98,99,100,101,102,103,104,105,106,107,108,109,110,111,112,113,114,115,116,117,118,119,120,121,122,123,124,125,126,127,128,129,130,131,132,133,134,135,136,137,138,139,141,142,143,144,145,146,147,148,149,150,151,152,153,154,155,156,157,158,159,160,161,162,163,164,165,166,167,168,169,170,171,172,173,174,175,176,177,178,179,180,181,182,183,184,185,186,187,188,189,190,191,192,193,194,195],"Validation":{"Settings":{"ForceResponse":"ON","ForceResponseType":"ON","Type":"None"}},"RecodeValues":{"1":1,"2":2,"3":3,"4":4,"5":5,"6":6,"7":7,"8":8,"9":9,"10":10,"11":11,"12":12,"13":13,"14":14,"15":15,"16":16,"17":17,"18":18,"19":19,"20":20,"21":21,"22":22,"23":23,"24":24,"25":25,"26":26,"27":27,"28":28,"29":29,"30":30,"31":31,"32":32,"33":33,"34":34,"35":35,"36":36,"37":37,"38":38,"39":39,"40":40,"41":41,"42":42,"43":43,"44":44,"45":45,"47":47,"48":48,"49":49,"50":50,"51":51,"52":52,"53":53,"54":54,"55":55,"56":56,"57":57,"58":58,"59":59,"60":60,"61":61,"62":62,"63":63,"64":64,"65":65,"66":66,"67":67,"68":68,"69":69,"70":70,"71":71,"72":72,"73":73,"74":74,"75":75,"76":76,"77":77,"78":78,"79":79,"80":80,"81":81,"82":82,"83":83,"84":84,"85":85,"86":86,"87":87,"88":88,"89":89,"90":90,"91":91,"92":92,"93":93,"94":94,"95":95,"96":96,"97":97,"98":98,"99":99,"100":100,"101":101,"102":102,"103":103,"104":104,"105":105,"106":106,"107":107,"108":108,"109":109,"110":110,"111":111,"112":112,"113":113,"114":114,"115":115,"116":116,"117":117,"118":118,"119":119,"120":120,"121":121,"122":122,"123":123,"124":124,"125":125,"126":126,"127":127,"128":128,"129":129,"130":130,"131":131,"132":132,"133":133,"134":134,"135":135,"136":136,"137":137,"138":138,"139":139,"141":141,"142":142,"143":143,"144":144,"145":145,"146":146,"147":147,"148":148,"149":149,"150":150,"151":151,"152":152,"153":153,"154":154,"155":155,"156":156,"157":157,"158":158,"159":159,"160":160,"161":161,"162":162,"163":163,"164":164,"165":165,"166":166,"167":167,"168":168,"169":169,"170":170,"171":171,"172":172,"173":173,"174":174,"175":175,"176":176,"177":177,"178":178,"179":179,"180":180,"181":181,"182":182,"183":183,"184":184,"185":185,"186":186,"187":187,"188":188,"189":189,"190":190,"191":191,"192":192,"193":193,"194":"580","195":"1357"},"GradingData":[],"Language":[],"QuestionText_Unsafe":"Which country do you currently live in?","DataExportTag":"Residence","DataVisibility":{"Private":false,"Hidden":false},"NextChoiceId":212,"NextAnswerId":1,"QuestionID":"QID114","DefaultChoices":false,"QuestionJS":"Qualtrics.SurveyEngine.addOnload(function()\n{\n\t\n\/\/ Pull choices from current question\n\t\nlet targetElement = this.getChoiceContainer();\nlet myChoices = targetElement.children;\nmyChoices = Array.prototype.slice.call(myChoices);\n\t\n\/\/ Sort choices\nmyChoices.sort(function(a, b) {\nreturn a.textContent.localeCompare(b.textContent, '${e:\/\/Field\/Q_Language}', {sensitivity: 'base', ignorePunctuation: true, numeric: true});\n});\n\t\n\/\/ Return choices to current question\nfor (let i=0; i < myChoices.length; i++) {\ntargetElement.appendChild(myChoices[i]);\n}\njQuery(\"#\"+this.questionId+\" select\").find(\"option:eq(0)\")\n    \n    .text(\" \").prop({\"disabled\":true,\"selected\":true});\n});\nQualtrics.SurveyEngine.addOnReady(function()\n{\n    \/*Place your JavaScript here to run when the page is fully displayed*\/\n});\nQualtrics.SurveyEngine.addOnUnload(function()\n{\n    \/*Place your JavaScript here to run when the page is unloaded*\/\n});\n\n\nQualtrics.SurveyEngine.addOnReady(function()\n{\n\t\/*Place your JavaScript here to run when the page is fully displayed*\/\n\n});\n\nQualtrics.SurveyEngine.addOnUnload(function()\n{\n\t\/*Place your JavaScript here to run when the page is unloaded*\/\n\n});"}},{"SurveyID":"SV_1yUDCwQabvjZt6m","Element":"SQ","PrimaryAttribute":"QID117","SecondaryAttribute":"Now you will be asked a few questions to assess your financial knowledge. Please note that for ea...","TertiaryAttribute":null,"Payload":{"QuestionText":"Now you will be asked a few questions to assess your financial knowledge. Please note that for each question there is only one correct answer. If you do not know the correct answer, please choose \u201cI do not know\u201d.","DefaultChoices":false,"DataExportTag":"Q36","QuestionID":"QID117","QuestionType":"DB","Selector":"TB","Configuration":{"QuestionDescriptionOption":"UseText"},"QuestionDescription":"Now you will be asked a few questions to assess your financial knowledge. Please note that for ea...","ChoiceOrder":[],"Validation":{"Settings":{"Type":"None"}},"GradingData":[],"Language":[],"NextChoiceId":4,"NextAnswerId":1,"QuestionText_Unsafe":"Now you will be asked a few questions to assess your financial knowledge. Please note that for each question there is only one correct answer. If you do not know the correct answer, please choose \u201cI do not know\u201d."}},{"SurveyID":"SV_1yUDCwQabvjZt6m","Element":"SQ","PrimaryAttribute":"QID12","SecondaryAttribute":"Person A received a fine and owed $100. The same day they received a second fine and owed $50. Pe...","TertiaryAttribute":null,"Payload":{"QuestionText":"Person A received a fine and owed<strong> $100<\/strong>. The same day they received a second fine and owed<strong> $50<\/strong>.<br>\n<br>\nPerson B received a fine and owed <strong>$150<\/strong>.<br><br>Who is more upset?<br>","DefaultChoices":false,"DataExportTag":"MrAB2","QuestionType":"MC","Selector":"SAVR","SubSelector":"TX","DataVisibility":{"Private":false,"Hidden":false},"Configuration":{"QuestionDescriptionOption":"UseText"},"QuestionDescription":"Person A received a fine and owed $100. The same day they received a second fine and owed $50. Pe...","Choices":{"1":{"Display":"A"},"2":{"Display":"B"},"3":{"Display":"No difference"}},"ChoiceOrder":[1,2,3],"Validation":{"Settings":{"ForceResponse":"ON","ForceResponseType":"ON","Type":"None"}},"GradingData":[],"Language":[],"NextChoiceId":4,"NextAnswerId":1,"QuestionID":"QID12","QuestionText_Unsafe":"Person A received a fine and owed<strong> $100<\/strong>. The same day they received a second fine and owed<strong> $50<\/strong>.<br \/>\n<br \/>\nPerson B received a fine and owed <strong>$150<\/strong>."}},{"SurveyID":"SV_1yUDCwQabvjZt6m","Element":"SQ","PrimaryAttribute":"QID120","SecondaryAttribute":" ","TertiaryAttribute":null,"Payload":{"QuestionText":"&nbsp;","DefaultChoices":false,"DataExportTag":"Captcha","QuestionType":"Captcha","Selector":"V2","Configuration":{"QuestionDescriptionOption":"UseText","Align":"left","Theme":"light"},"QuestionDescription":" ","GradingData":[],"Language":[],"NextChoiceId":4,"NextAnswerId":1,"QuestionID":"QID120","DataVisibility":{"Private":false,"Hidden":false},"QuestionText_Unsafe":"&nbsp;"}},{"SurveyID":"SV_1yUDCwQabvjZt6m","Element":"SQ","PrimaryAttribute":"QID14","SecondaryAttribute":"You are going to a sold-out game of your favorite local sports team and you have an extra ticket....","TertiaryAttribute":null,"Payload":{"QuestionText":"You are going to a sold-out game of your favorite local sports team and you have an extra ticket. The price marked on the ticket is <strong>$5&nbsp;but this ticket has been offered to you by a friend for free<\/strong>. &nbsp;&nbsp;<br>\n<br>\nYou want to get rid of the extra ticket and you know the ticket\u2019s face value price is $5. You find someone who wants the ticket.&nbsp;There is no law against charging more than the price marked on the ticket.<br>\n<br>\nWhat price do you ask for selling the extra ticket if the person you sell it to... ?","DefaultChoices":false,"DataExportTag":"Game1_1","QuestionID":"QID14","QuestionType":"TE","Selector":"FORM","DataVisibility":{"Private":false,"Hidden":false},"Configuration":{"QuestionDescriptionOption":"UseText"},"QuestionDescription":"You are going to a sold-out game of your favorite local sports team and you have an extra ticket....","Choices":{"1":{"Display":"Is a friend","TextEntry":"on","InputHeight":29,"InputWidth":61,"TextEntryValidation":"ValidNumber"},"2":{"Display":"Is a stranger","TextEntry":"on","InputHeight":29,"InputWidth":60,"TextEntryValidation":"ValidNumber"}},"ChoiceOrder":[1,2],"Validation":{"Settings":{"ForceResponse":"ON","ForceResponseType":"ON","Type":"CustomValidation","CustomValidation":{"Logic":{"0":{"0":{"QuestionID":"QID14","QuestionIsInLoop":"no","ChoiceLocator":"q:\/\/QID14\/ChoiceTextEntryValue\/1","Operator":"GreaterThanOrEqual","QuestionIDFromLocator":"QID14","LeftOperand":"q:\/\/QID14\/ChoiceTextEntryValue\/1","RightOperand":"0","Type":"Expression","LogicType":"Question","Description":"<span class=\"ConjDesc\">If<\/span> <span class=\"QuestionDesc\">You are going to a sold-out game of your favorite local sports team and you have an extra ticket....<\/span> <span class=\"LeftOpDesc\">Text Response<\/span> <span class=\"OpDesc\">Is Greater Than or Equal to<\/span> <span class=\"RightOpDesc\"> 0 <\/span>"},"1":{"QuestionID":"QID14","QuestionIsInLoop":"no","ChoiceLocator":"q:\/\/QID14\/ChoiceTextEntryValue\/2","Operator":"GreaterThanOrEqual","QuestionIDFromLocator":"QID14","LeftOperand":"q:\/\/QID14\/ChoiceTextEntryValue\/2","RightOperand":"0","Type":"Expression","LogicType":"Question","Description":"<span class=\"ConjDesc\">And<\/span> <span class=\"QuestionDesc\">You are going to a sold-out game of your favorite local sports team and you have an extra ticket....<\/span> <span class=\"LeftOpDesc\">Text Response<\/span> <span class=\"OpDesc\">Is Greater Than or Equal to<\/span> <span class=\"RightOpDesc\"> 0 <\/span>","Conjuction":"And"},"Type":"If"},"Type":"BooleanExpression"},"Message":{"messageID":null,"subMessageID":"VE_VALIDNUMBER","libraryID":null,"description":"Require valid number"}}}},"GradingData":[],"Language":[],"NextChoiceId":3,"NextAnswerId":1,"SearchSource":{"AllowFreeResponse":"false"},"QuestionJS":"Qualtrics.SurveyEngine.addOnload(function()\n{\n\tvar inputs = $(this.getQuestionContainer()).select('input[type=\"text\"]');\n\nfor (var i = 0; i < inputs.length; i++) {\n  var input = inputs[i];\n  $(input).insert({before: '$ '});\n}\n\n\n});\n\n\nQualtrics.SurveyEngine.addOnReady(function()\n{\n\t\/*Place your JavaScript here to run when the page is fully displayed*\/\n\n});\n\nQualtrics.SurveyEngine.addOnUnload(function()\n{\n\t\/*Place your JavaScript here to run when the page is unloaded*\/\n\n});","QuestionText_Unsafe":"You are going to a sold-out game of your favorite local sports team and you have an extra ticket. The price marked on the ticket is <strong>$5&nbsp;but this ticket has been offered to you by a friend for free<\/strong>. &nbsp;&nbsp;<br>\n<br>\nYou want to get rid of the extra ticket and you know the ticket\u2019s face value price is $5. You find someone who wants the ticket.&nbsp;There is no law against charging more than the price marked on the ticket.<br>\n<br>\nWhat price do you ask for selling the extra ticket if the person you sell it to... ?"}},{"SurveyID":"SV_1yUDCwQabvjZt6m","Element":"SQ","PrimaryAttribute":"QID15","SecondaryAttribute":"What price would you have asked for if you found out that the ticket\u2019s face value price was $10 i.","TertiaryAttribute":null,"Payload":{"QuestionText":"What price would you have asked for if you found out that the ticket\u2019s face value price was $10 instead?<br>","DefaultChoices":false,"DataExportTag":"Game1_2","QuestionID":"QID15","QuestionType":"TE","Selector":"FORM","DataVisibility":{"Private":false,"Hidden":false},"Configuration":{"QuestionDescriptionOption":"UseText"},"QuestionDescription":"What price would you have asked for if you found out that the ticket\u2019s face value price was $10 i...","Validation":{"Settings":{"ForceResponse":"ON","ForceResponseType":"ON"}},"GradingData":[],"Language":[],"NextChoiceId":3,"NextAnswerId":1,"SearchSource":{"AllowFreeResponse":"false"},"Choices":{"1":{"Display":"If they are a friend","TextEntry":"on","InputHeight":29,"InputWidth":60,"TextEntryValidation":"ValidNumber"},"2":{"Display":"If they are a stranger","TextEntry":"on","InputHeight":29,"InputWidth":61,"TextEntryValidation":"ValidNumber"}},"ChoiceOrder":[1,2],"QuestionJS":"Qualtrics.SurveyEngine.addOnload(function()\n{\n\tvar inputs = $(this.getQuestionContainer()).select('input[type=\"text\"]');\n\nfor (var i = 0; i < inputs.length; i++) {\n  var input = inputs[i];\n  $(input).insert({before: '$ '});\n}\n\n\n});\n\nQualtrics.SurveyEngine.addOnReady(function()\n{\n\t\/*Place your JavaScript here to run when the page is fully displayed*\/\n\n});\n\nQualtrics.SurveyEngine.addOnUnload(function()\n{\n\t\/*Place your JavaScript here to run when the page is unloaded*\/\n\n});","QuestionText_Unsafe":"What price would you have asked for if you found out that the ticket\u2019s face value price was $10 instead?<br>"}},{"SurveyID":"SV_1yUDCwQabvjZt6m","Element":"SQ","PrimaryAttribute":"QID17","SecondaryAttribute":"Imagine you are going to a sold-out game of your favorite local sports team, and you have an extr...","TertiaryAttribute":null,"Payload":{"QuestionText":"Imagine you are going to a sold-out game of your favorite local sports team, and you have an extra ticket. The price marked on the ticket <strong>is $5 which is what you paid for each ticket<\/strong>.<br>\n<br>\nYou want to get rid of the extra ticket and you know the ticket's face value price is $5. You find someone who wants the ticket. There is no law against charging more than the price marked on the ticket.<br><br>\nWhat price do you ask for selling the extra ticket if the person you sell it to...?<br>","DefaultChoices":false,"DataExportTag":"Game2_1","QuestionID":"QID17","QuestionType":"TE","Selector":"FORM","DataVisibility":{"Private":false,"Hidden":false},"Configuration":{"QuestionDescriptionOption":"UseText"},"QuestionDescription":"Imagine you are going to a sold-out game of your favorite local sports team, and you have an extr...","Choices":{"1":{"Display":"Is a friend","TextEntry":"on","InputHeight":31,"InputWidth":61,"TextEntryValidation":"ValidNumber"},"2":{"Display":"Is a stranger","TextEntry":"on","InputHeight":29,"InputWidth":61,"TextEntryValidation":"ValidNumber"}},"ChoiceOrder":[1,2],"Validation":{"Settings":{"ForceResponse":"ON","ForceResponseType":"ON"}},"GradingData":[],"Language":[],"NextChoiceId":3,"NextAnswerId":1,"SearchSource":{"AllowFreeResponse":"false"},"QuestionJS":"Qualtrics.SurveyEngine.addOnload(function()\n{\n\tvar inputs = $(this.getQuestionContainer()).select('input[type=\"text\"]');\n\nfor (var i = 0; i < inputs.length; i++) {\n  var input = inputs[i];\n  $(input).insert({before: '$ '});\n}\n\n\n});\n\n\nQualtrics.SurveyEngine.addOnReady(function()\n{\n\t\/*Place your JavaScript here to run when the page is fully displayed*\/\n\n});\n\nQualtrics.SurveyEngine.addOnUnload(function()\n{\n\t\/*Place your JavaScript here to run when the page is unloaded*\/\n\n});","QuestionText_Unsafe":"Imagine you are going to a sold-out game of your favorite local sports team, and you have an extra ticket. The price marked on the ticket <strong>is $5 which is what you paid for each ticket<\/strong>.<br>\n<br>\nYou want to get rid of the extra ticket and you know the ticket's face value price is $5. You find someone who wants the ticket. There is no law against charging more than the price marked on the ticket.<br><br>\nWhat price do you ask for selling the extra ticket if the person you sell it to...?<br>"}},{"SurveyID":"SV_1yUDCwQabvjZt6m","Element":"SQ","PrimaryAttribute":"QID18","SecondaryAttribute":"What price would you have asked for if you found out that the ticket\u2019s face value price was $10 i.","TertiaryAttribute":null,"Payload":{"QuestionText":"What price would you have asked for if you found out that the ticket\u2019s face value price was $10 instead?<br>","DefaultChoices":false,"DataExportTag":"Game2_2","QuestionID":"QID18","QuestionType":"TE","Selector":"FORM","DataVisibility":{"Private":false,"Hidden":false},"Configuration":{"QuestionDescriptionOption":"UseText"},"QuestionDescription":"What price would you have asked for if you found out that the ticket\u2019s face value price was $10 i...","Choices":{"1":{"Display":"If they are a friend","TextEntry":"on","InputHeight":31,"InputWidth":61,"TextEntryValidation":"ValidNumber"},"2":{"Display":"If they are a stranger","TextEntry":"on","InputHeight":29,"InputWidth":61,"TextEntryValidation":"ValidNumber"}},"ChoiceOrder":[1,2],"Validation":{"Settings":{"ForceResponse":"ON","ForceResponseType":"ON"}},"GradingData":[],"Language":[],"NextChoiceId":3,"NextAnswerId":1,"SearchSource":{"AllowFreeResponse":"false"},"QuestionJS":"Qualtrics.SurveyEngine.addOnload(function()\n{\n\tvar inputs = $(this.getQuestionContainer()).select('input[type=\"text\"]');\n\nfor (var i = 0; i < inputs.length; i++) {\n  var input = inputs[i];\n  $(input).insert({before: '$ '});\n}\n\n\n});\n\n\nQualtrics.SurveyEngine.addOnReady(function()\n{\n\t\/*Place your JavaScript here to run when the page is fully displayed*\/\n\n});\n\nQualtrics.SurveyEngine.addOnUnload(function()\n{\n\t\/*Place your JavaScript here to run when the page is unloaded*\/\n\n});","QuestionText_Unsafe":"What price would you have asked for if you found out that the ticket\u2019s face value price was $10 instead?<br>"}},{"SurveyID":"SV_1yUDCwQabvjZt6m","Element":"SQ","PrimaryAttribute":"QID20","SecondaryAttribute":"You are going to a sold-out game of your favorite local sports team and you have an extra ticket....","TertiaryAttribute":null,"Payload":{"QuestionText":"You are going to a sold-out game of your favorite local sports team and you have an extra ticket. The ticket\u2019s face value price is <strong>$5&nbsp;but you paid $10 for each ticket when you bought them from another person<\/strong>.<br>\n<br>\nYou want to get rid of the extra ticket and you know the ticket\u2019s face value price is $5. You find someone who wants the ticket.&nbsp;There is no law against charging more than the price marked on the ticket.<br>\n<br>\nWhat price do you ask for selling the extra ticket if the person you sell it to...?","DefaultChoices":false,"DataExportTag":"Game3_1 ","QuestionID":"QID20","QuestionType":"TE","Selector":"FORM","DataVisibility":{"Private":false,"Hidden":false},"Configuration":{"QuestionDescriptionOption":"UseText"},"QuestionDescription":"You are going to a sold-out game of your favorite local sports team and you have an extra ticket....","Choices":{"1":{"Display":"Is a friend","TextEntry":"on","InputHeight":29,"InputWidth":61,"TextEntryLength":"Medium","TextEntryValidation":"ValidNumber"},"2":{"Display":"Is a stranger","TextEntry":"on","InputHeight":29,"InputWidth":61,"TextEntryValidation":"ValidNumber"}},"ChoiceOrder":[1,2],"Validation":{"Settings":{"ForceResponse":"ON","ForceResponseType":"ON"}},"GradingData":[],"Language":[],"NextChoiceId":3,"NextAnswerId":1,"SearchSource":{"AllowFreeResponse":"false"},"QuestionJS":"Qualtrics.SurveyEngine.addOnload(function()\n{\n\tvar inputs = $(this.getQuestionContainer()).select('input[type=\"text\"]');\n\nfor (var i = 0; i < inputs.length; i++) {\n  var input = inputs[i];\n  $(input).insert({before: '$ '});\n}\n\n\n});\n\n\nQualtrics.SurveyEngine.addOnReady(function()\n{\n\t\/*Place your JavaScript here to run when the page is fully displayed*\/\n\n});\n\nQualtrics.SurveyEngine.addOnUnload(function()\n{\n\t\/*Place your JavaScript here to run when the page is unloaded*\/\n\n});","QuestionText_Unsafe":"You are going to a sold-out game of your favorite local sports team and you have an extra ticket. The ticket\u2019s face value price is <strong>$5&nbsp;but you paid $10 for each ticket when you bought them from another person<\/strong>.<br>\n<br>\nYou want to get rid of the extra ticket and you know the ticket\u2019s face value price is $5. You find someone who wants the ticket.&nbsp;There is no law against charging more than the price marked on the ticket.<br>\n<br>\nWhat price do you ask for selling the extra ticket if the person you sell it to...?"}},{"SurveyID":"SV_1yUDCwQabvjZt6m","Element":"SQ","PrimaryAttribute":"QID21","SecondaryAttribute":"What price would you have asked for if you found out that the ticket\u2019s face value price was $10 i.","TertiaryAttribute":null,"Payload":{"QuestionText":"What price would you have asked for if you found out that the ticket\u2019s face value price was $10 instead?","DefaultChoices":false,"DataExportTag":"Game3_2","QuestionID":"QID21","QuestionType":"TE","Selector":"FORM","DataVisibility":{"Private":false,"Hidden":false},"Configuration":{"QuestionDescriptionOption":"UseText"},"QuestionDescription":"What price would you have asked for if you found out that the ticket\u2019s face value price was $10 i...","Choices":{"1":{"Display":"If they are a friend","TextEntry":"on","InputHeight":29,"InputWidth":60,"TextEntryValidation":"ValidNumber"},"2":{"Display":"If they are a stranger","TextEntry":"on","InputHeight":29,"InputWidth":61,"TextEntryValidation":"ValidNumber"}},"ChoiceOrder":[1,2],"Validation":{"Settings":{"ForceResponse":"ON","ForceResponseType":"ON"}},"GradingData":[],"Language":[],"NextChoiceId":3,"NextAnswerId":1,"SearchSource":{"AllowFreeResponse":"false"},"QuestionJS":"Qualtrics.SurveyEngine.addOnload(function()\n{\n\tvar inputs = $(this.getQuestionContainer()).select('input[type=\"text\"]');\n\nfor (var i = 0; i < inputs.length; i++) {\n  var input = inputs[i];\n  $(input).insert({before: '$ '});\n}\n\n\n});\n\n\nQualtrics.SurveyEngine.addOnReady(function()\n{\n\t\/*Place your JavaScript here to run when the page is fully displayed*\/\n\n});\n\nQualtrics.SurveyEngine.addOnUnload(function()\n{\n\t\/*Place your JavaScript here to run when the page is unloaded*\/\n\n});","QuestionText_Unsafe":"What price would you have asked for if you found out that the ticket\u2019s face value price was $10 instead?"}},{"SurveyID":"SV_1yUDCwQabvjZt6m","Element":"SQ","PrimaryAttribute":"QID23","SecondaryAttribute":"You are on the beach on a hot day, and you would really like a cold drink. A friend offers to go...","TertiaryAttribute":null,"Payload":{"QuestionText":"You are on the beach on a hot day, and you would really like a cold drink. A friend offers to go buy the drink from <strong>a fancy resort hotel<\/strong>. They ask how much you are willing to pay for the drink: they will only buy it if it costs as much or less than the price you state. You trust your friend, and there is no possibility of bargaining with the bartender.<br>\n<br>\nWhat price do you tell them?<br>\n&nbsp;","DefaultChoices":false,"DataExportTag":"Drink1","QuestionType":"TE","Selector":"SL","Configuration":{"QuestionDescriptionOption":"UseText","InputWidth":61,"InputHeight":29},"QuestionDescription":"You are on the beach on a hot day, and you would really like a cold drink. A friend offers to go...","Validation":{"Settings":{"ForceResponse":"ON","ForceResponseType":"ON","Type":"ContentType","MinChars":"1","ContentType":"ValidNumber","ValidDateType":"DateWithFormat","ValidPhoneType":"ValidUSPhone","ValidZipType":"ValidUSZip","ValidNumber":{"Min":"","Max":"","NumDecimals":""}}},"GradingData":[],"Language":[],"NextChoiceId":5,"NextAnswerId":1,"SearchSource":{"AllowFreeResponse":"false"},"QuestionID":"QID23","DataVisibility":{"Private":false,"Hidden":false},"Choices":{"4":{"Display":"&nbsp;","TextEntry":"on","InputHeight":29,"InputWidth":61}},"ChoiceOrder":["4"],"QuestionJS":"Qualtrics.SurveyEngine.addOnload(function()\n{\n\tvar inputs = $(this.getQuestionContainer()).select('input[type=\"text\"]');\n\nfor (var i = 0; i < inputs.length; i++) {\n  var input = inputs[i];\n  $(input).insert({before: '$ '});\n}\n\n\n});\n\n\nQualtrics.SurveyEngine.addOnReady(function()\n{\n\t\/*Place your JavaScript here to run when the page is fully displayed*\/\n\n});\n\nQualtrics.SurveyEngine.addOnUnload(function()\n{\n\t\/*Place your JavaScript here to run when the page is unloaded*\/\n\n});","QuestionText_Unsafe":"You are on the beach on a hot day, and you would really like a cold drink. A friend offers to go buy the drink from <strong>a fancy resort hotel<\/strong>. They ask how much you are willing to pay for the drink: they will only buy it if it costs as much or less than the price you state. You trust your friend, and there is no possibility of bargaining with the bartender.<br>\n<br>\nWhat price do you tell them?<br>\n&nbsp;"}},{"SurveyID":"SV_1yUDCwQabvjZt6m","Element":"SQ","PrimaryAttribute":"QID34","SecondaryAttribute":"You are about to purchase a jacket for $125 and a Bluetooth speaker for $15. The salesman informs...","TertiaryAttribute":null,"Payload":{"QuestionText":"You are about to purchase a<strong> jacket for $125<\/strong> and a <strong>Bluetooth speaker for $15<\/strong>. The salesman informs you that the <strong>speaker<\/strong> you wish to buy <strong>is on sale for $10<\/strong> at the other branch store, located <strong>20 minutes <\/strong>away.<br \/>\n<br \/>\nWould you make the trip to the other store?","DefaultChoices":false,"DataExportTag":"Jacket1","QuestionType":"MC","Selector":"SAHR","SubSelector":"TX","DataVisibility":{"Private":false,"Hidden":false},"Configuration":{"QuestionDescriptionOption":"UseText","Autoscale":{"YScale":{"Name":"yesNo","Type":"likert","Reverse":true}},"LabelPosition":"BELOW"},"QuestionDescription":"You are about to purchase a jacket for $125 and a Bluetooth speaker for $15. The salesman informs...","Choices":{"1":{"Display":"Yes"},"2":{"Display":"No"}},"ChoiceOrder":[1,2],"Validation":{"Settings":{"ForceResponse":"ON","ForceResponseType":"ON","Type":"None"}},"GradingData":[],"Language":[],"NextChoiceId":3,"NextAnswerId":1,"QuestionID":"QID34","QuestionText_Unsafe":"You are about to purchase a<strong> jacket for $125<\/strong> and a <strong>Bluetooth speaker for $15<\/strong>. The salesman informs you that the <strong>speaker<\/strong> you wish to buy <strong>is on sale for $10<\/strong> at the other branch store, located <strong>20 minutes <\/strong>away.<br \/>\n<br \/>\nWould you make the trip to the other store?"}},{"SurveyID":"SV_1yUDCwQabvjZt6m","Element":"SQ","PrimaryAttribute":"QID40","SecondaryAttribute":"Imagine that you are on your way to a music event with a ticket for which you have paid $40. On e...","TertiaryAttribute":null,"Payload":{"QuestionText":"Imagine that you are on your way to a music event with a ticket for which <strong>you have paid $40<\/strong>. On entering the venue, you discover that <strong>you have lost the ticket<\/strong>.<br \/>\n<br \/>\nWould you pay $40 for another ticket?","DefaultChoices":false,"DataExportTag":"Play1 ","QuestionType":"MC","Selector":"SAHR","SubSelector":"TX","DataVisibility":{"Private":false,"Hidden":false},"Configuration":{"QuestionDescriptionOption":"UseText","Autoscale":{"YScale":{"Name":"yesNo","Type":"likert","Reverse":true}},"LabelPosition":"BELOW"},"QuestionDescription":"Imagine that you are on your way to a music event with a ticket for which you have paid $40. On e...","Choices":{"1":{"Display":"Yes"},"2":{"Display":"No"}},"ChoiceOrder":[1,2],"Validation":{"Settings":{"ForceResponse":"ON","ForceResponseType":"ON","Type":"None"}},"GradingData":[],"Language":[],"NextChoiceId":3,"NextAnswerId":1,"QuestionID":"QID40","QuestionText_Unsafe":"Imagine that you are on your way to a music event with a ticket for which <strong>you have paid $40<\/strong>. On entering the venue, you discover that <strong>you have lost the ticket<\/strong>.<br \/>\n<br \/>\nWould you pay $40 for another ticket?"}},{"SurveyID":"SV_1yUDCwQabvjZt6m","Element":"SQ","PrimaryAttribute":"QID44","SecondaryAttribute":"Imagine that you go to the gym on a regular basis. Due to your busy working schedule, you can onl...","TertiaryAttribute":null,"Payload":{"QuestionText":"Imagine that you go to the gym on a regular basis. Due to your busy working schedule, you can only go on Monday nights. The membership to the gym allows you to pay <strong>$20<\/strong> (non-refundable) <strong>per session<\/strong>. One Monday, just after you have paid and changed into your gym clothes, you receive a phone call that requires you to leave and forgo your exercise that evening.<br><br>How well does\r\neach of the following statements capture your feelings about the cost of the missed\r\nworkout?<br>","DefaultChoices":false,"DataExportTag":"Gym1 ","QuestionID":"QID44","QuestionType":"Matrix","Selector":"Likert","SubSelector":"SingleAnswer","DataVisibility":{"Private":false,"Hidden":false},"Configuration":{"QuestionDescriptionOption":"UseText","TextPosition":"inline","ChoiceColumnWidth":25,"RepeatHeaders":"none","WhiteSpace":"OFF","MobileFirst":true},"QuestionDescription":"Imagine that you go to the gym on a regular basis. Due to your busy working schedule, you can onl...","Choices":{"1":{"Display":"I feel like I wasted $20"},"2":{"Display":"I feel like I wasted nothing, since my visit had already been paid for"},"3":{"Display":"I feel like I wasted something, but no specific amount or measure comes to mind"}},"ChoiceOrder":[1,2,3],"Validation":{"Settings":{"ForceResponse":"ON","ForceResponseType":"ON","Type":"None"}},"GradingData":[],"Language":[],"NextChoiceId":6,"NextAnswerId":6,"Answers":{"1":{"Display":"<div style=\"text-align: center;\">Strongly agree<br \/>\n<br \/>\n1<\/div>\n"},"2":{"Display":"&nbsp;"},"3":{"Display":"&nbsp;"},"4":{"Display":"&nbsp;"},"5":{"Display":"<div style=\"text-align: center;\">Strongly disagree<br \/>\n<br \/>\n5<\/div>\n"}},"AnswerOrder":["1","2","3","4","5"],"ChoiceDataExportTags":false,"QuestionText_Unsafe":"Imagine that you go to the gym on a regular basis. Due to your busy working schedule, you can only go on Monday nights. The membership to the gym allows you to pay <strong>$20<\/strong> (non-refundable) <strong>per session<\/strong>. One Monday, just after you have paid and changed into your gym clothes, you receive a phone call that requires you to leave and forgo your exercise that evening.<br><br>How well does\r\neach of the following statements capture your feelings about the cost of the missed\r\nworkout?<br>"}},{"SurveyID":"SV_1yUDCwQabvjZt6m","Element":"SQ","PrimaryAttribute":"QID48","SecondaryAttribute":"You are flying with a friend who has upgraded their ticket to business class and has two coupons,...","TertiaryAttribute":null,"Payload":{"QuestionText":"You are flying with a friend who has upgraded their ticket to business class and has two coupons, each worth $35, which could be used to upgrade your ticket from economy to business class. They purchased one coupon for the standard price of $35 and received the other one for free. Just one coupon is required to upgrade your class on the current flight, and your friend offers you the coupon <b>which they purchased<\/b> so that you can upgrade as well.<br>\n<br>\nWhat do you think is the most appropriate thing to do?","DefaultChoices":false,"DataExportTag":"Plane1 ","QuestionType":"MC","Selector":"SAVR","SubSelector":"TX","Configuration":{"QuestionDescriptionOption":"UseText"},"QuestionDescription":"You are flying with a friend who has upgraded their ticket to business class and has two coupons,...","Choices":{"1":{"Display":"Pay your friend $35 for the coupon."},"2":{"Display":"Consider it a gift and not pay for the coupon."},"3":{"Display":"Pay some, but not the full amount for the coupon (for example, half the price)."}},"ChoiceOrder":[1,2,3],"Validation":{"Settings":{"ForceResponse":"ON","ForceResponseType":"ON","Type":"None"}},"GradingData":[],"Language":[],"NextChoiceId":4,"NextAnswerId":1,"QuestionID":"QID48","DataVisibility":{"Private":false,"Hidden":false},"QuestionText_Unsafe":"You are flying with a friend who has upgraded their ticket to business class and has two coupons, each worth $35, which could be used to upgrade your ticket from economy to business class. They purchased one coupon for the standard price of $35 and received the other one for free. Just one coupon is required to upgrade your class on the current flight, and your friend offers you the coupon <b>which they purchased<\/b> so that you can upgrade as well.<br>\n<br>\nWhat do you think is the most appropriate thing to do?"}},{"SurveyID":"SV_1yUDCwQabvjZt6m","Element":"SQ","PrimaryAttribute":"QID51","SecondaryAttribute":"To ensure the quality of our data we need to know if participants paid attention during the surve...","TertiaryAttribute":null,"Payload":{"QuestionText":"To ensure the quality of our data we need to know if participants paid attention during the survey. Please tell us honestly how serious you were in completing the survey.\n<br><br>How serious have you been about filling in the survey?","DefaultChoices":false,"DataExportTag":"Att_check","QuestionID":"QID51","QuestionType":"MC","Selector":"SAHR","SubSelector":"TX","Configuration":{"QuestionDescriptionOption":"UseText","LabelPosition":"BELOW"},"QuestionDescription":"To ensure the quality of our data we need to know if participants paid attention during the surve...","Choices":{"1":{"Display":"Not serious at all"},"2":{"Display":"Slightly serious"},"3":{"Display":"Moderately serious"},"4":{"Display":"Very serious"},"5":{"Display":"Absolutely serious"}},"ChoiceOrder":[1,2,3,4,5],"Validation":{"Settings":{"ForceResponse":"ON","ForceResponseType":"ON","Type":"None"}},"GradingData":[],"Language":[],"NextChoiceId":6,"NextAnswerId":1,"DataVisibility":{"Private":false,"Hidden":false},"QuestionText_Unsafe":"To ensure the quality of our data we need to know if participants paid attention during the survey. Please tell us honestly how serious you were in completing the survey.\n<br><br>How serious have you been about filling in the survey?"}},{"SurveyID":"SV_1yUDCwQabvjZt6m","Element":"SQ","PrimaryAttribute":"QID52","SecondaryAttribute":"What gender do you identify as?","TertiaryAttribute":null,"Payload":{"QuestionText":"What gender do you identify as?","DefaultChoices":false,"DataExportTag":"Gender","QuestionType":"MC","Selector":"SAVR","SubSelector":"TX","Configuration":{"QuestionDescriptionOption":"UseText","Autoscale":{"YScale":{"Name":"maleFemale","Type":"likert","Reverse":false}}},"QuestionDescription":"What gender do you identify as?","Choices":{"1":{"Display":"Male"},"2":{"Display":"Female"},"3":{"Display":"Non-binary \/ third gender"},"4":{"Display":"Prefer not to say"}},"ChoiceOrder":[1,2,3,4],"Validation":{"Settings":{"ForceResponse":"ON","ForceResponseType":"ON","Type":"None"}},"GradingData":[],"Language":[],"NextChoiceId":5,"NextAnswerId":1,"QuestionID":"QID52","DataVisibility":{"Private":false,"Hidden":false},"QuestionText_Unsafe":"What gender do you identify as?"}},{"SurveyID":"SV_1yUDCwQabvjZt6m","Element":"SQ","PrimaryAttribute":"QID53","SecondaryAttribute":"What is your age (in numbers)?","TertiaryAttribute":null,"Payload":{"QuestionText":"What is your age (in numbers)?","DefaultChoices":false,"DataExportTag":"Age ","QuestionType":"TE","Selector":"SL","Configuration":{"QuestionDescriptionOption":"UseText","InputWidth":60,"InputHeight":29},"QuestionDescription":"What is your age (in numbers)?","Validation":{"Settings":{"ForceResponse":"ON","ForceResponseType":"ON","Type":"ContentType","MinChars":"1","ContentType":"ValidNumber","ValidDateType":"DateWithFormat","ValidPhoneType":"ValidUSPhone","ValidZipType":"ValidUSZip","ValidNumber":{"Min":"","Max":"","NumDecimals":""}}},"GradingData":[],"Language":[],"NextChoiceId":4,"NextAnswerId":1,"SearchSource":{"AllowFreeResponse":"false"},"QuestionID":"QID53","DataVisibility":{"Private":false,"Hidden":false},"QuestionText_Unsafe":"What is your age (in numbers)?"}},{"SurveyID":"SV_1yUDCwQabvjZt6m","Element":"SQ","PrimaryAttribute":"QID54","SecondaryAttribute":"Which of the following best describes your annual household income last year?","TertiaryAttribute":null,"Payload":{"QuestionText":"Which of the following best describes your annual household income last year?","DefaultChoices":false,"DataExportTag":"Income","QuestionType":"MC","Selector":"SAVR","Configuration":{"QuestionDescriptionOption":"UseText","LabelPosition":"BELOW","NumColumns":3},"QuestionDescription":"Which of the following best describes your annual household income last year?","Choices":{"1":{"Display":"Less than \"Income (50%)\""},"2":{"Display":"\"Income (50%)\" - \"Income (75%)\""},"3":{"Display":"\"Income (75%)\" - \"Income (100%)\""},"4":{"Display":"\"Income (100%)\" - \"Income (125%)\""},"5":{"Display":"\"Income (125%)\"-\"Income (150%)\""},"6":{"Display":"More than \"Income (150%)\""},"7":{"Display":"Prefer not to answer"}},"ChoiceOrder":[1,2,3,4,5,"6","7"],"Validation":{"Settings":{"ForceResponse":"ON","ForceResponseType":"ON","Type":"None"}},"GradingData":[],"Language":[],"NextChoiceId":8,"NextAnswerId":1,"QuestionID":"QID54","DataVisibility":{"Private":false,"Hidden":false},"SubSelector":"TX","QuestionText_Unsafe":"Which of the following best describes your annual household income last year?"}},{"SurveyID":"SV_1yUDCwQabvjZt6m","Element":"SQ","PrimaryAttribute":"QID55","SecondaryAttribute":"How many years of schooling have you completed? (from elementary school to doctoral degree or spe...","TertiaryAttribute":null,"Payload":{"QuestionText":"How many years of schooling have you completed? (from elementary school to doctoral degree or specialization if you have one)","DefaultChoices":false,"DataExportTag":"Education","QuestionID":"QID55","QuestionType":"TE","Selector":"SL","DataVisibility":{"Private":false,"Hidden":false},"Configuration":{"QuestionDescriptionOption":"UseText","InputWidth":125,"InputHeight":29},"QuestionDescription":"How many years of schooling have you completed? (from elementary school to doctoral degree or spe...","Validation":{"Settings":{"ForceResponse":"ON","ForceResponseType":"ON","Type":"ContentType","MinChars":"1","ContentType":"ValidNumber","ValidDateType":"DateWithFormat","ValidPhoneType":"ValidUSPhone","ValidZipType":"ValidUSZip","ValidNumber":{"Min":"","Max":"","NumDecimals":""}}},"GradingData":[],"Language":[],"NextChoiceId":8,"NextAnswerId":1,"SearchSource":{"AllowFreeResponse":"false"},"QuestionText_Unsafe":"How many years of schooling have you completed? (from elementary school to doctoral degree or specialization if you have one)"}},{"SurveyID":"SV_1yUDCwQabvjZt6m","Element":"SQ","PrimaryAttribute":"QID57","SecondaryAttribute":"Which of the following is your native language?","TertiaryAttribute":null,"Payload":{"QuestionText":"Which of the following is your native language?","DefaultChoices":false,"DataExportTag":"Native language","QuestionType":"MC","Selector":"DL","Configuration":{"QuestionDescriptionOption":"UseText"},"QuestionDescription":"Which of the following is your native language?","Choices":{"1":{"Display":"Afrikaans"},"2":{"Display":"Arabic"},"3":{"Display":"Chinese"},"4":{"Display":"Dutch"},"5":{"Display":"English"},"6":{"Display":"French"},"7":{"Display":"German"},"8":{"Display":"Indonesian"},"9":{"Display":"Hindi"},"10":{"Display":"Hungarian"},"11":{"Display":"Persian"},"12":{"Display":"Italian"},"14":{"Display":"Lithuanian"},"16":{"Display":"Romanian"},"17":{"Display":"Russian"},"18":{"Display":"Spanish"},"19":{"Display":"Thai"},"20":{"Display":"Turkish"},"21":{"Display":"Vietnamese"},"22":{"Display":"Brazilian Portuguese"},"23":{"Display":"Danish"},"24":{"Display":"Korean"},"25":{"Display":"Swedish"},"26":{"Display":"European Portuguese"},"27":{"Display":"Hebrew"},"29":{"Display":"Other"}},"ChoiceOrder":[1,2,"22",3,"23",4,5,"26",6,7,"27",8,9,10,11,12,14,16,17,18,"24","25",19,20,21,"29"],"Validation":{"Settings":{"ForceResponse":"ON","ForceResponseType":"ON","Type":"None"}},"GradingData":[],"Language":[],"NextChoiceId":30,"NextAnswerId":1,"QuestionID":"QID57","DataVisibility":{"Private":false,"Hidden":false},"RecodeValues":{"1":"1","2":"2","3":"4","4":"6","5":"7","6":"9","7":"10","8":"12","9":"13","10":"14","11":"15","12":"16","14":"17","16":"18","17":"19","18":"20","19":"23","20":"24","21":"25","22":"3","23":"5","24":"21","25":"22","26":"8","27":"11","29":"26"},"QuestionText_Unsafe":"Which of the following is your native language?","QuestionJS":"Qualtrics.SurveyEngine.addOnload(function()\n{\n\t\n\/\/ Pull choices from current question\n\t\nlet targetElement = this.getChoiceContainer();\nlet myChoices = targetElement.children;\nmyChoices = Array.prototype.slice.call(myChoices);\n\t\n\/\/ Sort choices\nmyChoices.sort(function(a, b) {\nreturn a.textContent.localeCompare(b.textContent, '${e:\/\/Field\/Q_Language}', {sensitivity: 'base', ignorePunctuation: true, numeric: true});\n});\n\t\n\/\/ Return choices to current question\nfor (let i=0; i < myChoices.length; i++) {\ntargetElement.appendChild(myChoices[i]);\n}\njQuery(\"#\"+this.questionId+\" select\").find(\"option:eq(0)\")\n    \n    .text(\" \").prop({\"disabled\":true,\"selected\":true});\n});\nQualtrics.SurveyEngine.addOnReady(function()\n{\n    \/*Place your JavaScript here to run when the page is fully displayed*\/\n});\nQualtrics.SurveyEngine.addOnUnload(function()\n{\n    \/*Place your JavaScript here to run when the page is unloaded*\/\n});\n\n\nQualtrics.SurveyEngine.addOnReady(function()\n{\n\t\/*Place your JavaScript here to run when the page is fully displayed*\/\n\n});\n\nQualtrics.SurveyEngine.addOnUnload(function()\n{\n\t\/*Place your JavaScript here to run when the page is unloaded*\/\n\n});"}},{"SurveyID":"SV_1yUDCwQabvjZt6m","Element":"SQ","PrimaryAttribute":"QID59","SecondaryAttribute":"Suppose that you have $100 in a savings account and the interest rate is 2% per year. After 5 yea...","TertiaryAttribute":null,"Payload":{"QuestionText":"Suppose that you have $100 in a savings account and the interest rate is 2% per year. After 5 years, how much do you think you would have in the account if you let the money grow?","QuestionJS":false,"DefaultChoices":false,"DataExportTag":"fin_lit1","QuestionID":"QID59","QuestionType":"MC","Selector":"SAVR","SubSelector":"TX","DataVisibility":{"Private":false,"Hidden":false},"Configuration":{"QuestionDescriptionOption":"UseText","TextPosition":"inline"},"QuestionDescription":"Suppose that you have $100 in a savings account and the interest rate is 2% per year. After 5 yea...","Choices":{"4":{"Display":"More than $102"},"5":{"Display":"Exactly $102"},"6":{"Display":"Less than $102"},"7":{"Display":"I do not know"}},"ChoiceOrder":["4","5","6","7"],"Validation":{"Settings":{"ForceResponse":"ON","ForceResponseType":"ON","Type":"None"}},"GradingData":[],"Language":[],"NextChoiceId":8,"NextAnswerId":4,"RecodeValues":{"4":"1","5":"2","6":"3","7":"4"},"QuestionText_Unsafe":"Suppose that you have $100 in a savings account and the interest rate is 2% per year. After 5 years, how much do you think you would have in the account if you let the money grow?"}},{"SurveyID":"SV_1yUDCwQabvjZt6m","Element":"SQ","PrimaryAttribute":"QID60","SecondaryAttribute":"Imagine that the interest rate on your savings account was 1% per year and inflation was 2% per y...","TertiaryAttribute":null,"Payload":{"QuestionText":"Imagine that the interest rate on your savings account was 1% per year and inflation was 2% per year. After 1 year,\nhow much would you be able to buy with the money in this account?","DefaultChoices":false,"DataExportTag":"fin_lit2","QuestionID":"QID60","QuestionType":"MC","Selector":"SAVR","SubSelector":"TX","DataVisibility":{"Private":false,"Hidden":false},"Configuration":{"QuestionDescriptionOption":"UseText","InputWidth":274,"InputHeight":29},"QuestionDescription":"Imagine that the interest rate on your savings account was 1% per year and inflation was 2% per y...","Choices":{"4":{"Display":"More than today"},"5":{"Display":"Exactly the same as today"},"6":{"Display":"Less than today"},"7":{"Display":"I do not know"}},"ChoiceOrder":["4","5","6","7"],"Validation":{"Settings":{"ForceResponse":"ON","ForceResponseType":"ON","Type":"None"}},"GradingData":[],"Language":[],"NextChoiceId":8,"NextAnswerId":1,"RecodeValues":{"4":"1","5":"2","6":"3","7":"4"},"QuestionText_Unsafe":"Imagine that the interest rate on your savings account was 1% per year and inflation was 2% per year. After 1 year,\nhow much would you be able to buy with the money in this account?"}},{"SurveyID":"SV_1yUDCwQabvjZt6m","Element":"SQ","PrimaryAttribute":"QID61","SecondaryAttribute":"Buying a single company's stock usually provides a safer return than a stock mutual fund.","TertiaryAttribute":null,"Payload":{"QuestionText":"Buying a single company's stock usually provides a safer return than a stock mutual fund.","DefaultChoices":false,"DataExportTag":"fin_lit3","QuestionID":"QID61","QuestionType":"MC","Selector":"SAVR","SubSelector":"TX","Configuration":{"QuestionDescriptionOption":"UseText"},"QuestionDescription":"Buying a single company's stock usually provides a safer return than a stock mutual fund.","Choices":{"1":{"Display":"True"},"2":{"Display":"False"},"3":{"Display":"I do not know"}},"ChoiceOrder":[1,2,"3"],"Validation":{"Settings":{"ForceResponse":"ON","ForceResponseType":"ON","Type":"None"}},"GradingData":[],"Language":[],"NextChoiceId":4,"NextAnswerId":1,"DataVisibility":{"Private":false,"Hidden":false},"QuestionText_Unsafe":"Buying a single company's stock usually provides a safer return than a stock mutual fund."}},{"SurveyID":"SV_1yUDCwQabvjZt6m","Element":"SQ","PrimaryAttribute":"QID62","SecondaryAttribute":"If interest rates rise, what would typically happen to bond prices?","TertiaryAttribute":null,"Payload":{"QuestionText":"If interest rates rise, what would typically happen to bond prices?","DefaultChoices":false,"DataExportTag":"fin_lit4","QuestionID":"QID62","QuestionType":"MC","Selector":"SAVR","SubSelector":"TX","DataVisibility":{"Private":false,"Hidden":false},"Configuration":{"QuestionDescriptionOption":"UseText"},"QuestionDescription":"If interest rates rise, what would typically happen to bond prices?","Choices":{"4":{"Display":"They collapse"},"5":{"Display":"They remain unchanged"},"6":{"Display":"There is no relationship"},"7":{"Display":"I do not know"}},"ChoiceOrder":["4","5","6","7"],"Validation":{"Settings":{"ForceResponse":"ON","ForceResponseType":"ON","Type":"None"}},"GradingData":[],"Language":[],"NextChoiceId":8,"NextAnswerId":1,"RecodeValues":{"4":"1","5":"2","6":"3","7":"4"},"QuestionText_Unsafe":"If interest rates rise, what would typically happen to bond prices?"}},{"SurveyID":"SV_1yUDCwQabvjZt6m","Element":"SQ","PrimaryAttribute":"QID63","SecondaryAttribute":"The survey you have completed aims to replicate the mental accounting effect. According to this p...","TertiaryAttribute":null,"Payload":{"QuestionText":"<p dir=\"ltr\">The survey you have completed aims to replicate the mental accounting effect. According to this phenomenon a person attributes different values to the same amount of money based on subjective criteria. Specifically, people tend to subjectively organize economic resources into different mental accounts. In addition, in this study, we measured some individual differences that might have an influence on mental accounting. In particular:   \t\n \t\n&nbsp;<\/p><p dir=\"ltr\"><br><\/p><p dir=\"ltr\">\u25cf\tScale to measure financial literacy (Lusardi and Mitchell, 2014).  \t \t \t\n&nbsp;<\/p><p dir=\"ltr\">\u25cf\tDemographic data (e.g. gender, age or income level)\t\n\n&nbsp;<\/p><p dir=\"ltr\"><br><\/p><p dir=\"ltr\">Finally, we inform you that we have also used an attentional check to measure respondent engagement. The purpose of this study could not be fully revealed at the beginning of the study to avoid influencing your answers. Now that you have received this information, we ask you to confirm your consent to participate in this study or to withdraw it. In the latter case your data will not be used and will be deleted.\n<br><\/p>","DefaultChoices":false,"DataExportTag":"Debriefing","QuestionID":"QID63","QuestionType":"MC","Selector":"SAVR","SubSelector":"TX","Configuration":{"QuestionDescriptionOption":"UseText"},"QuestionDescription":"The survey you have completed aims to replicate the mental accounting effect. According to this p...","Choices":{"1":{"Display":"I allow you to use the responses I provided in this study."},"2":{"Display":"I do NOT allow you to use the responses I provided in this study, and I want them to be deleted."}},"ChoiceOrder":[1,2],"Validation":{"Settings":{"ForceResponse":"ON","ForceResponseType":"ON","Type":"None"}},"GradingData":[],"Language":[],"NextChoiceId":3,"NextAnswerId":1,"DataVisibility":{"Private":false,"Hidden":false},"QuestionText_Unsafe":"<p dir=\"ltr\">The survey you have completed aims to replicate the mental accounting effect. According to this phenomenon a person attributes different values to the same amount of money based on subjective criteria. Specifically, people tend to subjectively organize economic resources into different mental accounts. In addition, in this study, we measured some individual differences that might have an influence on mental accounting. In particular:   \t\n \t\n&nbsp;<\/p><p dir=\"ltr\"><br><\/p><p dir=\"ltr\">\u25cf\tScale to measure financial literacy (Lusardi and Mitchell, 2014).  \t \t \t\n&nbsp;<\/p><p dir=\"ltr\">\u25cf\tDemographic data (e.g. gender, age or income level)\t\n\n&nbsp;<\/p><p dir=\"ltr\"><br><\/p><p dir=\"ltr\">Finally, we inform you that we have also used an attentional check to measure respondent engagement. The purpose of this study could not be fully revealed at the beginning of the study to avoid influencing your answers. Now that you have received this information, we ask you to confirm your consent to participate in this study or to withdraw it. In the latter case your data will not be used and will be deleted.\n<br><\/p>"}},{"SurveyID":"SV_1yUDCwQabvjZt6m","Element":"SQ","PrimaryAttribute":"QID70","SecondaryAttribute":"You are on the beach on a hot day, and you would really like a cold drink. A friend offers to go...","TertiaryAttribute":null,"Payload":{"QuestionText":"You are on the beach on a hot day, and you would really like a cold drink. A friend offers to go buy the drink from&nbsp;<b>a small, run-down grocery store<\/b>. They ask how much you are willing to pay for the drink: they will only buy it if it costs as much or less than the price you state. You trust your friend, and there is no possibility of bargaining with the store owner.<br>\n<br>\nWhat price do you tell them?","DefaultChoices":false,"QuestionType":"TE","Selector":"SL","DataVisibility":{"Private":false,"Hidden":false},"Configuration":{"QuestionDescriptionOption":"UseText","InputWidth":61,"InputHeight":29},"QuestionDescription":"You are on the beach on a hot day, and you would really like a cold drink. A friend offers to go...","Validation":{"Settings":{"ForceResponse":"ON","ForceResponseType":"ON","Type":"ContentType","MinChars":"1","ContentType":"ValidNumber","ValidDateType":"DateWithFormat","ValidPhoneType":"ValidUSPhone","ValidZipType":"ValidUSZip","ValidNumber":{"Min":"","Max":"","NumDecimals":""}}},"GradingData":[],"Language":[],"NextChoiceId":5,"NextAnswerId":1,"SearchSource":{"AllowFreeResponse":"false"},"QuestionText_Unsafe":"You are on the beach on a hot day, and you would really like a cold drink. A friend offers to go buy the drink from&nbsp;<b>a small, run-down grocery store<\/b>. They ask how much you are willing to pay for the drink: they will only buy it if it costs as much or less than the price you state. You trust your friend, and there is no possibility of bargaining with the store owner.<br>\n<br>\nWhat price do you tell them?","DataExportTag":"Drink2","QuestionID":"QID70","Choices":{"4":{"Display":"&nbsp;","TextEntry":"on","InputHeight":29,"InputWidth":61}},"ChoiceOrder":["4"],"QuestionJS":"Qualtrics.SurveyEngine.addOnload(function()\n{\n\tvar inputs = $(this.getQuestionContainer()).select('input[type=\"text\"]');\n\nfor (var i = 0; i < inputs.length; i++) {\n  var input = inputs[i];\n  $(input).insert({before: '$ '});\n}\n\n\n});\n\n\nQualtrics.SurveyEngine.addOnReady(function()\n{\n\t\/*Place your JavaScript here to run when the page is fully displayed*\/\n\n});\n\nQualtrics.SurveyEngine.addOnUnload(function()\n{\n\t\/*Place your JavaScript here to run when the page is unloaded*\/\n\n});"}},{"SurveyID":"SV_1yUDCwQabvjZt6m","Element":"SQ","PrimaryAttribute":"QID74","SecondaryAttribute":"You are about to purchase a jacket for $15 and a Bluetooth speaker for $125. The salesman informs...","TertiaryAttribute":null,"Payload":{"QuestionText":"You are about to purchase a <strong>jacket<\/strong> for <strong>$15<\/strong> and a <strong>Bluetooth speaker<\/strong> for <strong>$125<\/strong>. The salesman informs you that the <strong>speaker <\/strong>you wish to buy is on sale for <strong>$120<\/strong> at the other branch store, located <strong>20 minutes<\/strong> away.<br \/>\n<br \/>\nWould you make the trip to the other store?","DefaultChoices":false,"QuestionType":"MC","Selector":"SAHR","SubSelector":"TX","DataVisibility":{"Private":false,"Hidden":false},"Configuration":{"QuestionDescriptionOption":"UseText","Autoscale":{"YScale":{"Name":"yesNo","Type":"likert","Reverse":true}},"LabelPosition":"BELOW"},"QuestionDescription":"You are about to purchase a jacket for $15 and a Bluetooth speaker for $125. The salesman informs...","Choices":{"1":{"Display":"Yes"},"2":{"Display":"No"}},"ChoiceOrder":[1,2],"Validation":{"Settings":{"ForceResponse":"ON","ForceResponseType":"ON","Type":"None"}},"GradingData":[],"Language":[],"NextChoiceId":3,"NextAnswerId":1,"QuestionText_Unsafe":"You are about to purchase a <strong>jacket<\/strong> for <strong>$15<\/strong> and a <strong>Bluetooth speaker<\/strong> for <strong>$125<\/strong>. The salesman informs you that the <strong>speaker <\/strong>you wish to buy is on sale for <strong>$120<\/strong> at the other branch store, located <strong>20 minutes<\/strong> away.<br \/>\n<br \/>\nWould you make the trip to the other store?","DataExportTag":"Jacket2","QuestionID":"QID74"}},{"SurveyID":"SV_1yUDCwQabvjZt6m","Element":"SQ","PrimaryAttribute":"QID78","SecondaryAttribute":"Imagine that you are on your way to a music event and intend to buy a ticket worth $40. On enteri...","TertiaryAttribute":null,"Payload":{"QuestionText":"Imagine that you are on your way to a music event and <strong>intend to buy a ticket worth $40<\/strong>. On entering the venue, you realize that <strong>you have lost $40 in cash<\/strong>.<br>\n<br>Would you still pay $40 for a ticket?<br><br>","DefaultChoices":false,"QuestionType":"MC","Selector":"SAHR","SubSelector":"TX","DataVisibility":{"Private":false,"Hidden":false},"Configuration":{"QuestionDescriptionOption":"UseText","Autoscale":{"YScale":{"Name":"yesNo","Type":"likert","Reverse":true}},"LabelPosition":"BELOW"},"QuestionDescription":"Imagine that you are on your way to a music event and intend to buy a ticket worth $40. On enteri...","Choices":{"1":{"Display":"Yes"},"2":{"Display":"No"}},"ChoiceOrder":[1,2],"Validation":{"Settings":{"ForceResponse":"ON","ForceResponseType":"ON","Type":"None"}},"GradingData":[],"Language":[],"NextChoiceId":3,"NextAnswerId":1,"QuestionText_Unsafe":"Imagine that you are on your way to a music event and <strong>intend to buy a ticket worth $40<\/strong>. On entering the venue, you realize that <strong>you have lost $40 in cash<\/strong>.<br>\n<br>Would you still pay $40 for a ticket?<br><br>","DataExportTag":"Play2 ","QuestionID":"QID78"}},{"SurveyID":"SV_1yUDCwQabvjZt6m","Element":"SQ","PrimaryAttribute":"QID8","SecondaryAttribute":"Person A was given two tickets to the lottery. They won\u00a0$50\u00a0with one ticket and\u00a0$25\u00a0with the oth","TertiaryAttribute":null,"Payload":{"QuestionText":"<meta charset=\"UTF-8\" \/>Person A was given two tickets to the lottery. They won&nbsp;<b>$50<\/b>&nbsp;with one ticket and&nbsp;<b>$25<\/b>&nbsp;with the other ticket.&nbsp;&nbsp;<br \/>\n<br \/>\nPerson B was given a ticket to one lottery. They won&nbsp;<b>$75.<\/b>&nbsp;&nbsp;\n<div>\n<div>\n<div>&nbsp;<\/div>\n\n<div>Who is happier?<\/div>\n<\/div>\n<\/div>","DefaultChoices":false,"DataExportTag":"MrAB1","QuestionType":"MC","Selector":"SAVR","SubSelector":"TX","Configuration":{"QuestionDescriptionOption":"UseText"},"QuestionDescription":"Person A was given two tickets to the lottery. They won\u00a0$50\u00a0with one ticket and\u00a0$25\u00a0with the othe...","Choices":{"1":{"Display":"A"},"2":{"Display":"B"},"3":{"Display":"No difference "}},"ChoiceOrder":[1,2,3],"Validation":{"Settings":{"ForceResponse":"ON","ForceResponseType":"ON","Type":"None"}},"GradingData":[],"Language":[],"NextChoiceId":4,"NextAnswerId":1,"QuestionID":"QID8","DataVisibility":{"Private":false,"Hidden":false},"QuestionText_Unsafe":"<meta charset=\"UTF-8\" \/>Person A was given two tickets to the lottery. They won&nbsp;<b>$50<\/b>&nbsp;with one ticket and&nbsp;<b>$25<\/b>&nbsp;with the other ticket.&nbsp;&nbsp;<br \/>\n<br \/>\nPerson B was given a ticket to one lottery. They won&nbsp;<b>$75.<\/b>&nbsp;&nbsp;\n<div>\n<div>\n<div>&nbsp;<\/div>\n\n<div>Who is happier?<\/div>\n<\/div>\n<\/div>"}},{"SurveyID":"SV_1yUDCwQabvjZt6m","Element":"SQ","PrimaryAttribute":"QID82","SecondaryAttribute":"Imagine that you go to the gym on a regular basis. Due to your busy working schedule, you can onl...","TertiaryAttribute":null,"Payload":{"QuestionText":"Imagine that you go to the gym on a regular basis. Due to your busy working schedule, you can only go on Monday nights. The membership costs you <strong>$1000<\/strong> a year (i.e., roughly $20 per visit). One Monday, just after you have arrived and changed into your gym clothes, you receive a phone call that requires you to leave and forgo your exercise that evening.<br>\n<br>\nHow well does\r\neach of the following statements capture your feelings about the cost of the missed\r\nworkout?","DefaultChoices":false,"DataExportTag":"Gym2 ","QuestionID":"QID82","QuestionType":"Matrix","Selector":"Likert","SubSelector":"SingleAnswer","DataVisibility":{"Private":false,"Hidden":false},"Configuration":{"QuestionDescriptionOption":"UseText","TextPosition":"inline","ChoiceColumnWidth":25,"RepeatHeaders":"none","WhiteSpace":"OFF","MobileFirst":true},"QuestionDescription":"Imagine that you go to the gym on a regular basis. Due to your busy working schedule, you can onl...","Choices":{"1":{"Display":"I feel like I wasted $20"},"2":{"Display":"I feel like I wasted nothing, since my visit had already been paid for"},"3":{"Display":"I feel like I wasted something, but no specific amount or measure comes to mind"}},"ChoiceOrder":[1,2,3],"Validation":{"Settings":{"ForceResponse":"ON","ForceResponseType":"ON","Type":"None"}},"GradingData":[],"Language":[],"NextChoiceId":4,"NextAnswerId":6,"Answers":{"1":{"Display":"<div style=\"text-align: center;\">Strongly agree<br \/>\n<br \/>\n1<\/div>\n"},"2":{"Display":"&nbsp;"},"3":{"Display":"&nbsp;"},"4":{"Display":"&nbsp;"},"5":{"Display":"<div style=\"text-align: center;\">Strongly disagree<br \/>\n<br \/>\n5<\/div>\n"}},"AnswerOrder":["1","2","3","4","5"],"ChoiceDataExportTags":false,"QuestionText_Unsafe":"Imagine that you go to the gym on a regular basis. Due to your busy working schedule, you can only go on Monday nights. The membership costs you <strong>$1000<\/strong> a year (i.e., roughly $20 per visit). One Monday, just after you have arrived and changed into your gym clothes, you receive a phone call that requires you to leave and forgo your exercise that evening.<br>\n<br>\nHow well does\r\neach of the following statements capture your feelings about the cost of the missed\r\nworkout?"}},{"SurveyID":"SV_1yUDCwQabvjZt6m","Element":"SQ","PrimaryAttribute":"QID86","SecondaryAttribute":"You are flying with a friend who has upgraded their ticket to business class and has two coupons,...","TertiaryAttribute":null,"Payload":{"QuestionText":"You are flying with a friend who has upgraded their ticket to business class and has two coupons, each worth $35, which could be used to upgrade your ticket from economy to business class. They purchased one coupon for the standard price of $35 and received the other one for free. Just one coupon is required to upgrade your class on the current flight and your friend offers you the coupon <b>which they got for free<\/b> so that you can upgrade your ticket as well.<br>\n<br>\nWhat do you think is the most appropriate thing to do?","DefaultChoices":false,"QuestionType":"MC","Selector":"SAVR","SubSelector":"TX","DataVisibility":{"Private":false,"Hidden":false},"Configuration":{"QuestionDescriptionOption":"UseText"},"QuestionDescription":"You are flying with a friend who has upgraded their ticket to business class and has two coupons,...","Choices":{"1":{"Display":"Pay your friend $35 for the coupon."},"2":{"Display":"Consider it a gift and not pay for the coupon."},"3":{"Display":"Pay some, but not the full amount for the coupon (for example, half the price)."}},"ChoiceOrder":[1,2,3],"Validation":{"Settings":{"ForceResponse":"ON","ForceResponseType":"ON","Type":"None"}},"GradingData":[],"Language":[],"NextChoiceId":4,"NextAnswerId":1,"QuestionText_Unsafe":"You are flying with a friend who has upgraded their ticket to business class and has two coupons, each worth $35, which could be used to upgrade your ticket from economy to business class. They purchased one coupon for the standard price of $35 and received the other one for free. Just one coupon is required to upgrade your class on the current flight and your friend offers you the coupon <b>which they got for free<\/b> so that you can upgrade your ticket as well.<br>\n<br>\nWhat do you think is the most appropriate thing to do?","DataExportTag":"Plane2 ","QuestionID":"QID86"}},{"SurveyID":"SV_1yUDCwQabvjZt6m","Element":"SQ","PrimaryAttribute":"QID87","SecondaryAttribute":"Thank you for participating in the study. Below you will be presented with some daily-life scenar...","TertiaryAttribute":null,"Payload":{"QuestionText":"Thank you for participating in the study. Below you will be presented with some daily-life scenarios. <br><br>You will be asked to give your personal opinion about each scenario. Please read them carefully and give your honest answer. There are no right or wrong answers.&nbsp;Note that some scenarios might seem similar to each other but they are not, so please read them carefully.","DefaultChoices":false,"DataExportTag":"Instruction","QuestionType":"DB","Selector":"TB","Configuration":{"QuestionDescriptionOption":"UseText"},"QuestionDescription":"Thank you for participating in the study. Below you will be presented with some daily-life scenar...","ChoiceOrder":[],"Validation":{"Settings":{"Type":"None"}},"GradingData":[],"Language":[],"NextChoiceId":4,"NextAnswerId":1,"QuestionID":"QID87","DataVisibility":{"Private":false,"Hidden":false},"QuestionText_Unsafe":"Thank you for participating in the study. Below you will be presented with some daily-life scenarios. <br><br>You will be asked to give your personal opinion about each scenario. Please read them carefully and give your honest answer. There are no right or wrong answers.&nbsp;Note that some scenarios might seem similar to each other but they are not, so please read them carefully."}},{"SurveyID":"SV_1yUDCwQabvjZt6m","Element":"STAT","PrimaryAttribute":"Survey Statistics","SecondaryAttribute":null,"TertiaryAttribute":null,"Payload":{"MobileCompatible":true,"ID":"Survey Statistics"}}]}